// !$*UTF8*$!
{
	archiveVersion = 1;
	classes = {
	};
	objectVersion = 56;
	objects = {

/* Begin PBXBuildFile section */
		D402E7AE2DEF6EED00BAC95E /* HistorialColecciones.swift in Sources */ = {isa = PBXBuildFile; fileRef = D402E7AD2DEF6EED00BAC95E /* HistorialColecciones.swift */; };
		D40E28AE2E1C24050024DF2E /* AjustesSistemaColecciones.swift in Sources */ = {isa = PBXBuildFile; fileRef = D40E28AD2E1C24050024DF2E /* AjustesSistemaColecciones.swift */; };
		D42084322E58DCAF008525DB /* EstadisticasYProgresoLectura.swift in Sources */ = {isa = PBXBuildFile; fileRef = D42084312E58DCAF008525DB /* EstadisticasYProgresoLectura.swift */; };
		D424A40B2E4BEBC3003D8BD8 /* AnimatedScrollViewTest.swift in Sources */ = {isa = PBXBuildFile; fileRef = D424A40A2E4BEBC3003D8BD8 /* AnimatedScrollViewTest.swift */; };
		D440162E2DF1CB490025832B /* DocumentPicker.swift in Sources */ = {isa = PBXBuildFile; fileRef = D440162D2DF1CB490025832B /* DocumentPicker.swift */; };
		D45A82272E4CFC7800B92262 /* AjustesBarraEstado.swift in Sources */ = {isa = PBXBuildFile; fileRef = D45A82262E4CFC7800B92262 /* AjustesBarraEstado.swift */; };
		D45A82292E4D0E3700B92262 /* AjustesVisualizacion.swift in Sources */ = {isa = PBXBuildFile; fileRef = D45A82282E4D0E3700B92262 /* AjustesVisualizacion.swift */; };
		D45A822B2E4D0F5300B92262 /* AjustesLibreria.swift in Sources */ = {isa = PBXBuildFile; fileRef = D45A822A2E4D0F5300B92262 /* AjustesLibreria.swift */; };
		D45E6FF82DE7A772001F816A /* AndreaApp.swift in Sources */ = {isa = PBXBuildFile; fileRef = D45E6FF72DE7A772001F816A /* AndreaApp.swift */; };
		D45E6FFA2DE7A772001F816A /* VistaPrincipal.swift in Sources */ = {isa = PBXBuildFile; fileRef = D45E6FF92DE7A772001F816A /* VistaPrincipal.swift */; };
		D45E6FFC2DE7A773001F816A /* Assets.xcassets in Resources */ = {isa = PBXBuildFile; fileRef = D45E6FFB2DE7A773001F816A /* Assets.xcassets */; };
		D45E6FFF2DE7A773001F816A /* Preview Assets.xcassets in Resources */ = {isa = PBXBuildFile; fileRef = D45E6FFE2DE7A773001F816A /* Preview Assets.xcassets */; };
		D45E70062DE7A7C4001F816A /* AndreaAppView.swift in Sources */ = {isa = PBXBuildFile; fileRef = D45E70052DE7A7C4001F816A /* AndreaAppView.swift */; };
		D45E700A2DE7A7F3001F816A /* SistemaArchivos.swift in Sources */ = {isa = PBXBuildFile; fileRef = D45E70092DE7A7F3001F816A /* SistemaArchivos.swift */; };
		D45E700C2DE7A803001F816A /* MenuVista.swift in Sources */ = {isa = PBXBuildFile; fileRef = D45E700B2DE7A803001F816A /* MenuVista.swift */; };
		D46BE97B2E54F72D0069BCC1 /* Animaciones.swift in Sources */ = {isa = PBXBuildFile; fileRef = D46BE97A2E54F72D0069BCC1 /* Animaciones.swift */; };
		D46E94322DEA27E800ABD9EE /* AjustesMenu.swift in Sources */ = {isa = PBXBuildFile; fileRef = D46E94312DEA27E800ABD9EE /* AjustesMenu.swift */; };
		D46E94352DEA287000ABD9EE /* Toggle.swift in Sources */ = {isa = PBXBuildFile; fileRef = D46E94342DEA287000ABD9EE /* Toggle.swift */; };
		D47035DB2E4288D0008906C9 /* AjustesHistorial.swift in Sources */ = {isa = PBXBuildFile; fileRef = D47035DA2E4288D0008906C9 /* AjustesHistorial.swift */; };
		D47139C12E0AE44200B5FA35 /* ListaVista.swift in Sources */ = {isa = PBXBuildFile; fileRef = D47139C02E0AE44200B5FA35 /* ListaVista.swift */; };
		D47139C52E0AE47C00B5FA35 /* ElementoVista.swift in Sources */ = {isa = PBXBuildFile; fileRef = D47139C42E0AE47C00B5FA35 /* ElementoVista.swift */; };
		D47139C72E0AE76500B5FA35 /* CuadriculaArchivo.swift in Sources */ = {isa = PBXBuildFile; fileRef = D47139C62E0AE76500B5FA35 /* CuadriculaArchivo.swift */; };
		D47139C92E0AE77000B5FA35 /* CuadriculaColeccion.swift in Sources */ = {isa = PBXBuildFile; fileRef = D47139C82E0AE77000B5FA35 /* CuadriculaColeccion.swift */; };
		D480E76C2E42216300C8BBCC /* Rendimiento.swift in Sources */ = {isa = PBXBuildFile; fileRef = D480E76B2E42216300C8BBCC /* Rendimiento.swift */; };
		D480E76E2E42236900C8BBCC /* TogglePersonalizado.swift in Sources */ = {isa = PBXBuildFile; fileRef = D480E76D2E42236900C8BBCC /* TogglePersonalizado.swift */; };
		D48589662DEB9CD50074DB8E /* ElementoSistemaArchivosProtocolo.swift in Sources */ = {isa = PBXBuildFile; fileRef = D48589652DEB9CD50074DB8E /* ElementoSistemaArchivosProtocolo.swift */; };
		D48589682DEB9D7E0074DB8E /* ElementSistemaArchivos.swift in Sources */ = {isa = PBXBuildFile; fileRef = D48589672DEB9D7E0074DB8E /* ElementSistemaArchivos.swift */; };
		D485896A2DEB9DC30074DB8E /* Extensiones.swift in Sources */ = {isa = PBXBuildFile; fileRef = D48589692DEB9DC30074DB8E /* Extensiones.swift */; };
		D485896C2DEB9DF10074DB8E /* Utilidades.swift in Sources */ = {isa = PBXBuildFile; fileRef = D485896B2DEB9DF10074DB8E /* Utilidades.swift */; };
		D485896F2DEB9E4E0074DB8E /* ManipulacionCadenas.swift in Sources */ = {isa = PBXBuildFile; fileRef = D485896E2DEB9E4E0074DB8E /* ManipulacionCadenas.swift */; };
		D48589712DEB9EFA0074DB8E /* SistemaArchivosUtilidades.swift in Sources */ = {isa = PBXBuildFile; fileRef = D48589702DEB9EFA0074DB8E /* SistemaArchivosUtilidades.swift */; };
		D48589742DEBA1A80074DB8E /* Archivo.swift in Sources */ = {isa = PBXBuildFile; fileRef = D48589732DEBA1A80074DB8E /* Archivo.swift */; };
		D48589762DEBA1C50074DB8E /* Coleccion.swift in Sources */ = {isa = PBXBuildFile; fileRef = D48589752DEBA1C50074DB8E /* Coleccion.swift */; };
		D48B459F2DF248310088F40E /* Unrar in Frameworks */ = {isa = PBXBuildFile; productRef = D48B459E2DF248310088F40E /* Unrar */; };
		D48B45A12DF24E9E0088F40E /* CBZArchivo.swift in Sources */ = {isa = PBXBuildFile; fileRef = D48B45A02DF24E9E0088F40E /* CBZArchivo.swift */; };
		D48B45A42DF250720088F40E /* ZIPFoundation in Frameworks */ = {isa = PBXBuildFile; productRef = D48B45A32DF250720088F40E /* ZIPFoundation */; };
		D48C58802E3BA855006D9C07 /* CabeceraMasInformacion.swift in Sources */ = {isa = PBXBuildFile; fileRef = D48C587F2E3BA855006D9C07 /* CabeceraMasInformacion.swift */; };
		D48CC0532E53A55A00063AD9 /* AndreaTests.swift in Sources */ = {isa = PBXBuildFile; fileRef = D48CC0522E53A55A00063AD9 /* AndreaTests.swift */; };
		D49961932E44D7A40089488D /* MenuHistorial.swift in Sources */ = {isa = PBXBuildFile; fileRef = D49961922E44D7A40089488D /* MenuHistorial.swift */; };
		D49961952E44F9380089488D /* NotificacionLog.swift in Sources */ = {isa = PBXBuildFile; fileRef = D49961942E44F9380089488D /* NotificacionLog.swift */; };
		D49961972E4514C00089488D /* NotificacionesEstado.swift in Sources */ = {isa = PBXBuildFile; fileRef = D49961962E4514C00089488D /* NotificacionesEstado.swift */; };
		D49BE6D52E17AF2500FEDB99 /* ModeloColeccion.swift in Sources */ = {isa = PBXBuildFile; fileRef = D49BE6D42E17AF2500FEDB99 /* ModeloColeccion.swift */; };
		D49D7D012E26D77500E0A93B /* ListaArchivo.swift in Sources */ = {isa = PBXBuildFile; fileRef = D49D7D002E26D77500E0A93B /* ListaArchivo.swift */; };
		D49D7D032E26D77D00E0A93B /* ListaColeccion.swift in Sources */ = {isa = PBXBuildFile; fileRef = D49D7D022E26D77D00E0A93B /* ListaColeccion.swift */; };
		D49D7D052E26DAC100E0A93B /* ProgresoLista.swift in Sources */ = {isa = PBXBuildFile; fileRef = D49D7D042E26DAC100E0A93B /* ProgresoLista.swift */; };
		D49D7D072E26DB2800E0A93B /* InformacionLista.swift in Sources */ = {isa = PBXBuildFile; fileRef = D49D7D062E26DB2800E0A93B /* InformacionLista.swift */; };
		D49DE74B2E0D33F1002FDB7A /* CBRArchivo.swift in Sources */ = {isa = PBXBuildFile; fileRef = D49DE74A2E0D33F1002FDB7A /* CBRArchivo.swift */; };
		D49DE7502E0D348F002FDB7A /* ImagenArchivoModelo.swift in Sources */ = {isa = PBXBuildFile; fileRef = D49DE74F2E0D348F002FDB7A /* ImagenArchivoModelo.swift */; };
		D49E266A2E3A77BD009A0EDC /* MasInformacion.swift in Sources */ = {isa = PBXBuildFile; fileRef = D49E26692E3A77BD009A0EDC /* MasInformacion.swift */; };
		D49E266D2E3A7C4A009A0EDC /* AyudaCambiarPortada.swift in Sources */ = {isa = PBXBuildFile; fileRef = D49E266C2E3A7C4A009A0EDC /* AyudaCambiarPortada.swift */; };
		D49F12F62E25349500C67FB8 /* MasInformacionColeccion.swift in Sources */ = {isa = PBXBuildFile; fileRef = D49F12F52E25349500C67FB8 /* MasInformacionColeccion.swift */; };
		D4A02A762E59CD86000C5F32 /* GraficoProgresoLectura.swift in Sources */ = {isa = PBXBuildFile; fileRef = D4A02A752E59CD86000C5F32 /* GraficoProgresoLectura.swift */; };
		D4A02A7A2E59CE37000C5F32 /* VelocidadLectura.swift in Sources */ = {isa = PBXBuildFile; fileRef = D4A02A792E59CE37000C5F32 /* VelocidadLectura.swift */; };
		D4A0FF3D2DEB3FD300195018 /* LineaSeparadora.swift in Sources */ = {isa = PBXBuildFile; fileRef = D4A0FF3C2DEB3FD200195018 /* LineaSeparadora.swift */; };
		D4A0FF3F2DEB6F1500195018 /* MasTemas.swift in Sources */ = {isa = PBXBuildFile; fileRef = D4A0FF3E2DEB6F1500195018 /* MasTemas.swift */; };
		D4A12EF72E5A04B80022276D /* GraficoTiempoPorPagina.swift in Sources */ = {isa = PBXBuildFile; fileRef = D4A12EF62E5A04B80022276D /* GraficoTiempoPorPagina.swift */; };
		D4A12EF92E5A0F730022276D /* GraficoPaginasMasVisitadas.swift in Sources */ = {isa = PBXBuildFile; fileRef = D4A12EF82E5A0F730022276D /* GraficoPaginasMasVisitadas.swift */; };
		D4A270482E4C93EE00ECEF2F /* CheckerEncimaDelElemento.swift in Sources */ = {isa = PBXBuildFile; fileRef = D4A270472E4C93EE00ECEF2F /* CheckerEncimaDelElemento.swift */; };
		D4A2704A2E4CA2B300ECEF2F /* VistaGeneral.swift in Sources */ = {isa = PBXBuildFile; fileRef = D4A270492E4CA2B300ECEF2F /* VistaGeneral.swift */; };
		D4A65E022E27EBB500729A57 /* ArrastreManual.swift in Sources */ = {isa = PBXBuildFile; fileRef = D4A65E012E27EBB500729A57 /* ArrastreManual.swift */; };
		D4A6C7252DEA1F9A00E7451F /* CirculoActivo.swift in Sources */ = {isa = PBXBuildFile; fileRef = D4A6C7242DEA1F9A00E7451F /* CirculoActivo.swift */; };
		D4A6C7272DEA216400E7451F /* RectangleFormView.swift in Sources */ = {isa = PBXBuildFile; fileRef = D4A6C7262DEA216400E7451F /* RectangleFormView.swift */; };
		D4A6C7292DEA21C200E7451F /* Enums.swift in Sources */ = {isa = PBXBuildFile; fileRef = D4A6C7282DEA21C200E7451F /* Enums.swift */; };
		D4A888432E26F9EC00C64974 /* PlaceholderLista.swift in Sources */ = {isa = PBXBuildFile; fileRef = D4A888422E26F9EC00C64974 /* PlaceholderLista.swift */; };
		D4AA438D2E3A22CC0033EF63 /* VistaMostrarEnArchivos.swift in Sources */ = {isa = PBXBuildFile; fileRef = D4AA438C2E3A22CC0033EF63 /* VistaMostrarEnArchivos.swift */; };
		D4ACA26B2E48EB8D00A367D9 /* ManipulacionSizes.swift in Sources */ = {isa = PBXBuildFile; fileRef = D4ACA26A2E48EB8D00A367D9 /* ManipulacionSizes.swift */; };
		D4ACC9B22E1AB8C4006778AE /* ModeloMiniatura.swift in Sources */ = {isa = PBXBuildFile; fileRef = D4ACC9B12E1AB8C4006778AE /* ModeloMiniatura.swift */; };
		D4ADDB752DE9B6A50097A010 /* SideMenu.swift in Sources */ = {isa = PBXBuildFile; fileRef = D4ADDB742DE9B6A50097A010 /* SideMenu.swift */; };
		D4ADDB772DE9B9990097A010 /* Constantes.swift in Sources */ = {isa = PBXBuildFile; fileRef = D4ADDB762DE9B9990097A010 /* Constantes.swift */; };
		D4ADDB7A2DE9B9E60097A010 /* MenuIzquierda.swift in Sources */ = {isa = PBXBuildFile; fileRef = D4ADDB792DE9B9E60097A010 /* MenuIzquierda.swift */; };
		D4ADDB7C2DE9B9F10097A010 /* MenuCentro.swift in Sources */ = {isa = PBXBuildFile; fileRef = D4ADDB7B2DE9B9F10097A010 /* MenuCentro.swift */; };
		D4ADDB7E2DE9B9FA0097A010 /* MenuDerecha.swift in Sources */ = {isa = PBXBuildFile; fileRef = D4ADDB7D2DE9B9FA0097A010 /* MenuDerecha.swift */; };
		D4ADDB822DE9C0530097A010 /* MenuEstado.swift in Sources */ = {isa = PBXBuildFile; fileRef = D4ADDB812DE9C0530097A010 /* MenuEstado.swift */; };
		D4ADDB892DE9C2E30097A010 /* AppEstado.swift in Sources */ = {isa = PBXBuildFile; fileRef = D4ADDB882DE9C2E30097A010 /* AppEstado.swift */; };
		D4AECEBB2DEE33620032917F /* PilaColecciones.swift in Sources */ = {isa = PBXBuildFile; fileRef = D4AECEBA2DEE33620032917F /* PilaColecciones.swift */; };
		D4B0BBA12E4C6A150073380E /* LectorComic.swift in Sources */ = {isa = PBXBuildFile; fileRef = D4B0BBA02E4C6A150073380E /* LectorComic.swift */; };
		D4B0BBA32E4C6ADD0073380E /* ComicCache.swift in Sources */ = {isa = PBXBuildFile; fileRef = D4B0BBA22E4C6ADD0073380E /* ComicCache.swift */; };
		D4B0BBA62E4C6B5B0073380E /* ProtocoloComic.swift in Sources */ = {isa = PBXBuildFile; fileRef = D4B0BBA52E4C6B5B0073380E /* ProtocoloComic.swift */; };
		D4B0BBA82E4C6D880073380E /* ComicPaginado.swift in Sources */ = {isa = PBXBuildFile; fileRef = D4B0BBA72E4C6D880073380E /* ComicPaginado.swift */; };
		D4B0CCE52E574FB1000C69CF /* MasInformacionArchivo.swift in Sources */ = {isa = PBXBuildFile; fileRef = D4B0CCE42E574FB1000C69CF /* MasInformacionArchivo.swift */; };
		D4B0CCE82E5779FB000C69CF /* ProgresoCircular.swift in Sources */ = {isa = PBXBuildFile; fileRef = D4B0CCE72E5779FB000C69CF /* ProgresoCircular.swift */; };
		D4B0CCEA2E577AA9000C69CF /* EstadisticaProgresoLectura.swift in Sources */ = {isa = PBXBuildFile; fileRef = D4B0CCE92E577AA9000C69CF /* EstadisticaProgresoLectura.swift */; };
		D4B0CCEC2E577BAF000C69CF /* EstadisticaProgresoTiempo.swift in Sources */ = {isa = PBXBuildFile; fileRef = D4B0CCEB2E577BAF000C69CF /* EstadisticaProgresoTiempo.swift */; };
		D4B159462E57D5F100942B91 /* GraficoVelocidad.swift in Sources */ = {isa = PBXBuildFile; fileRef = D4B159452E57D5F100942B91 /* GraficoVelocidad.swift */; };
		D4B159482E57DC1A00942B91 /* Tiempo.swift in Sources */ = {isa = PBXBuildFile; fileRef = D4B159472E57DC1A00942B91 /* Tiempo.swift */; };
		D4B23FA02E45F4F200425DB8 /* ContenidoAjustesGloables.swift in Sources */ = {isa = PBXBuildFile; fileRef = D4B23F9F2E45F4F200425DB8 /* ContenidoAjustesGloables.swift */; };
		D4B23FA22E45F54F00425DB8 /* IndicesAjustes.swift in Sources */ = {isa = PBXBuildFile; fileRef = D4B23FA12E45F54F00425DB8 /* IndicesAjustes.swift */; };
		D4B23FA42E46056800425DB8 /* AyudaMenu.swift in Sources */ = {isa = PBXBuildFile; fileRef = D4B23FA32E46056800425DB8 /* AyudaMenu.swift */; };
		D4B23FA62E4606CA00425DB8 /* ayudaHistorial.swift in Sources */ = {isa = PBXBuildFile; fileRef = D4B23FA52E4606CA00425DB8 /* ayudaHistorial.swift */; };
		D4B3C3BB2E3A8E3B00CA6064 /* MenuSeleccionMultipleArriba.swift in Sources */ = {isa = PBXBuildFile; fileRef = D4B3C3BA2E3A8E3B00CA6064 /* MenuSeleccionMultipleArriba.swift */; };
		D4B3C3BD2E3A8E4700CA6064 /* MenuSeleccionMultipleAbajo.swift in Sources */ = {isa = PBXBuildFile; fileRef = D4B3C3BC2E3A8E4700CA6064 /* MenuSeleccionMultipleAbajo.swift */; };
		D4B408FB2E58BE440076B9B4 /* Fechas.swift in Sources */ = {isa = PBXBuildFile; fileRef = D4B408FA2E58BE440076B9B4 /* Fechas.swift */; };
		D4B6DF262E54E35C00A46D0A /* General.swift in Sources */ = {isa = PBXBuildFile; fileRef = D4B6DF252E54E35C00A46D0A /* General.swift */; };
		D4B741842E15CBBD009511F1 /* PersistenciaDatos.swift in Sources */ = {isa = PBXBuildFile; fileRef = D4B741832E15CBBD009511F1 /* PersistenciaDatos.swift */; };
		D4B88CB02E5467A900E68D45 /* Colores.swift in Sources */ = {isa = PBXBuildFile; fileRef = D4B88CAF2E5467A900E68D45 /* Colores.swift */; };
		D4B921912E5871C500305A09 /* InformacionAvanzada.swift in Sources */ = {isa = PBXBuildFile; fileRef = D4B921902E5871C500305A09 /* InformacionAvanzada.swift */; };
		D4BA32F12E0BDD1300CF3219 /* InformacionCuadricula.swift in Sources */ = {isa = PBXBuildFile; fileRef = D4BA32F02E0BDD1300CF3219 /* InformacionCuadricula.swift */; };
		D4BA32F32E0BDDC900CF3219 /* ProgresoCuadricula.swift in Sources */ = {isa = PBXBuildFile; fileRef = D4BA32F22E0BDDC900CF3219 /* ProgresoCuadricula.swift */; };
		D4BF0B1F2DEF493500152333 /* FabricaArchivo.swift in Sources */ = {isa = PBXBuildFile; fileRef = D4BF0B1E2DEF493500152333 /* FabricaArchivo.swift */; };
		D4BF0B212DEF494000152333 /* FabricaColeccion.swift in Sources */ = {isa = PBXBuildFile; fileRef = D4BF0B202DEF494000152333 /* FabricaColeccion.swift */; };
		D4BF0B232DEF4AA000152333 /* ProtocoloArchivo.swift in Sources */ = {isa = PBXBuildFile; fileRef = D4BF0B222DEF4AA000152333 /* ProtocoloArchivo.swift */; };
		D4BF0B262DEF4B4F00152333 /* EnumTipoArchivos.swift in Sources */ = {isa = PBXBuildFile; fileRef = D4BF0B252DEF4B4F00152333 /* EnumTipoArchivos.swift */; };
		D4BF0B292DEF4F9100152333 /* TXTArchivo.swift in Sources */ = {isa = PBXBuildFile; fileRef = D4BF0B282DEF4F9100152333 /* TXTArchivo.swift */; };
		D4BF4B1C2E168D1400224C71 /* Algoritmos.swift in Sources */ = {isa = PBXBuildFile; fileRef = D4BF4B1B2E168D1400224C71 /* Algoritmos.swift */; };
		D4C4A2AE2E66075500B16EA9 /* ImagenInfo.swift in Sources */ = {isa = PBXBuildFile; fileRef = D4C4A2AD2E66075500B16EA9 /* ImagenInfo.swift */; };
		D4CF28E32E323CF3003B3ABC /* ModificarTamano.swift in Sources */ = {isa = PBXBuildFile; fileRef = D4CF28E22E323CF3003B3ABC /* ModificarTamano.swift */; };
		D4CF28E52E323D3D003B3ABC /* Desplazamiento.swift in Sources */ = {isa = PBXBuildFile; fileRef = D4CF28E42E323D3D003B3ABC /* Desplazamiento.swift */; };
		D4CF28E72E323E29003B3ABC /* ModeloMiniaturaArchivo.swift in Sources */ = {isa = PBXBuildFile; fileRef = D4CF28E62E323E29003B3ABC /* ModeloMiniaturaArchivo.swift */; };
		D4CF28E92E323F15003B3ABC /* Libreria.swift in Sources */ = {isa = PBXBuildFile; fileRef = D4CF28E82E323F15003B3ABC /* Libreria.swift */; };
		D4D8CCF62E377CD600F7F18D /* ListaColeccionMenu.swift in Sources */ = {isa = PBXBuildFile; fileRef = D4D8CCF52E377CD600F7F18D /* ListaColeccionMenu.swift */; };
		D4DA1BD72E3BC9DE00529C47 /* Consejos.swift in Sources */ = {isa = PBXBuildFile; fileRef = D4DA1BD62E3BC9DE00529C47 /* Consejos.swift */; };
		D4DA1BD92E3BE0B300529C47 /* CartaHolografica3D.swift in Sources */ = {isa = PBXBuildFile; fileRef = D4DA1BD82E3BE0B300529C47 /* CartaHolografica3D.swift */; };
		D4DEBBEC2DE9CCD500F06C30 /* AjustesGlobales.swift in Sources */ = {isa = PBXBuildFile; fileRef = D4DEBBEB2DE9CCD500F06C30 /* AjustesGlobales.swift */; };
		D4DEBBF02DE9CD7F00F06C30 /* AjustesTema.swift in Sources */ = {isa = PBXBuildFile; fileRef = D4DEBBEF2DE9CD7F00F06C30 /* AjustesTema.swift */; };
		D4DEBBF22DE9D8ED00F06C30 /* AjustesColor.swift in Sources */ = {isa = PBXBuildFile; fileRef = D4DEBBF12DE9D8ED00F06C30 /* AjustesColor.swift */; };
		D4DF31792DEC7362000D15CC /* ElementoPlaceholder.swift in Sources */ = {isa = PBXBuildFile; fileRef = D4DF31782DEC7362000D15CC /* ElementoPlaceholder.swift */; };
		D4DF317B2DEC74F0000D15CC /* CuadriculaVista.swift in Sources */ = {isa = PBXBuildFile; fileRef = D4DF317A2DEC74F0000D15CC /* CuadriculaVista.swift */; };
		D4DF317E2DEC77D1000D15CC /* PlaceholderCuadricula.swift in Sources */ = {isa = PBXBuildFile; fileRef = D4DF317D2DEC77D1000D15CC /* PlaceholderCuadricula.swift */; };
		D4E0B4BC2E1D9FA5008586D2 /* Unrar in Frameworks */ = {isa = PBXBuildFile; productRef = D4E0B4BB2E1D9FA5008586D2 /* Unrar */; };
/* End PBXBuildFile section */

/* Begin PBXContainerItemProxy section */
		D48CC0542E53A55A00063AD9 /* PBXContainerItemProxy */ = {
			isa = PBXContainerItemProxy;
			containerPortal = D45E6FEC2DE7A772001F816A /* Project object */;
			proxyType = 1;
			remoteGlobalIDString = D45E6FF32DE7A772001F816A;
			remoteInfo = Andrea;
		};
/* End PBXContainerItemProxy section */

/* Begin PBXFileReference section */
		D402E7AD2DEF6EED00BAC95E /* HistorialColecciones.swift */ = {isa = PBXFileReference; lastKnownFileType = sourcecode.swift; path = HistorialColecciones.swift; sourceTree = "<group>"; };
		D40E28AD2E1C24050024DF2E /* AjustesSistemaColecciones.swift */ = {isa = PBXFileReference; lastKnownFileType = sourcecode.swift; path = AjustesSistemaColecciones.swift; sourceTree = "<group>"; };
		D42084312E58DCAF008525DB /* EstadisticasYProgresoLectura.swift */ = {isa = PBXFileReference; lastKnownFileType = sourcecode.swift; path = EstadisticasYProgresoLectura.swift; sourceTree = "<group>"; };
		D424A40A2E4BEBC3003D8BD8 /* AnimatedScrollViewTest.swift */ = {isa = PBXFileReference; lastKnownFileType = sourcecode.swift; path = AnimatedScrollViewTest.swift; sourceTree = "<group>"; };
		D440162D2DF1CB490025832B /* DocumentPicker.swift */ = {isa = PBXFileReference; lastKnownFileType = sourcecode.swift; path = DocumentPicker.swift; sourceTree = "<group>"; };
		D45A82262E4CFC7800B92262 /* AjustesBarraEstado.swift */ = {isa = PBXFileReference; lastKnownFileType = sourcecode.swift; path = AjustesBarraEstado.swift; sourceTree = "<group>"; };
		D45A82282E4D0E3700B92262 /* AjustesVisualizacion.swift */ = {isa = PBXFileReference; lastKnownFileType = sourcecode.swift; path = AjustesVisualizacion.swift; sourceTree = "<group>"; };
		D45A822A2E4D0F5300B92262 /* AjustesLibreria.swift */ = {isa = PBXFileReference; lastKnownFileType = sourcecode.swift; path = AjustesLibreria.swift; sourceTree = "<group>"; };
		D45E6FF42DE7A772001F816A /* Andrea.app */ = {isa = PBXFileReference; explicitFileType = wrapper.application; includeInIndex = 0; path = Andrea.app; sourceTree = BUILT_PRODUCTS_DIR; };
		D45E6FF72DE7A772001F816A /* AndreaApp.swift */ = {isa = PBXFileReference; lastKnownFileType = sourcecode.swift; path = AndreaApp.swift; sourceTree = "<group>"; };
		D45E6FF92DE7A772001F816A /* VistaPrincipal.swift */ = {isa = PBXFileReference; lastKnownFileType = sourcecode.swift; path = VistaPrincipal.swift; sourceTree = "<group>"; };
		D45E6FFB2DE7A773001F816A /* Assets.xcassets */ = {isa = PBXFileReference; lastKnownFileType = folder.assetcatalog; path = Assets.xcassets; sourceTree = "<group>"; };
		D45E6FFE2DE7A773001F816A /* Preview Assets.xcassets */ = {isa = PBXFileReference; lastKnownFileType = folder.assetcatalog; path = "Preview Assets.xcassets"; sourceTree = "<group>"; };
		D45E70052DE7A7C4001F816A /* AndreaAppView.swift */ = {isa = PBXFileReference; lastKnownFileType = sourcecode.swift; path = AndreaAppView.swift; sourceTree = "<group>"; };
		D45E70092DE7A7F3001F816A /* SistemaArchivos.swift */ = {isa = PBXFileReference; lastKnownFileType = sourcecode.swift; path = SistemaArchivos.swift; sourceTree = "<group>"; };
		D45E700B2DE7A803001F816A /* MenuVista.swift */ = {isa = PBXFileReference; lastKnownFileType = sourcecode.swift; path = MenuVista.swift; sourceTree = "<group>"; };
		D46BE97A2E54F72D0069BCC1 /* Animaciones.swift */ = {isa = PBXFileReference; lastKnownFileType = sourcecode.swift; path = Animaciones.swift; sourceTree = "<group>"; };
		D46E94312DEA27E800ABD9EE /* AjustesMenu.swift */ = {isa = PBXFileReference; lastKnownFileType = sourcecode.swift; path = AjustesMenu.swift; sourceTree = "<group>"; };
		D46E94342DEA287000ABD9EE /* Toggle.swift */ = {isa = PBXFileReference; lastKnownFileType = sourcecode.swift; path = Toggle.swift; sourceTree = "<group>"; };
		D47035DA2E4288D0008906C9 /* AjustesHistorial.swift */ = {isa = PBXFileReference; lastKnownFileType = sourcecode.swift; path = AjustesHistorial.swift; sourceTree = "<group>"; };
		D47139C02E0AE44200B5FA35 /* ListaVista.swift */ = {isa = PBXFileReference; lastKnownFileType = sourcecode.swift; path = ListaVista.swift; sourceTree = "<group>"; };
		D47139C42E0AE47C00B5FA35 /* ElementoVista.swift */ = {isa = PBXFileReference; lastKnownFileType = sourcecode.swift; path = ElementoVista.swift; sourceTree = "<group>"; };
		D47139C62E0AE76500B5FA35 /* CuadriculaArchivo.swift */ = {isa = PBXFileReference; lastKnownFileType = sourcecode.swift; path = CuadriculaArchivo.swift; sourceTree = "<group>"; };
		D47139C82E0AE77000B5FA35 /* CuadriculaColeccion.swift */ = {isa = PBXFileReference; lastKnownFileType = sourcecode.swift; path = CuadriculaColeccion.swift; sourceTree = "<group>"; };
		D480E76B2E42216300C8BBCC /* Rendimiento.swift */ = {isa = PBXFileReference; lastKnownFileType = sourcecode.swift; path = Rendimiento.swift; sourceTree = "<group>"; };
		D480E76D2E42236900C8BBCC /* TogglePersonalizado.swift */ = {isa = PBXFileReference; lastKnownFileType = sourcecode.swift; path = TogglePersonalizado.swift; sourceTree = "<group>"; };
		D48589652DEB9CD50074DB8E /* ElementoSistemaArchivosProtocolo.swift */ = {isa = PBXFileReference; lastKnownFileType = sourcecode.swift; path = ElementoSistemaArchivosProtocolo.swift; sourceTree = "<group>"; };
		D48589672DEB9D7E0074DB8E /* ElementSistemaArchivos.swift */ = {isa = PBXFileReference; lastKnownFileType = sourcecode.swift; path = ElementSistemaArchivos.swift; sourceTree = "<group>"; };
		D48589692DEB9DC30074DB8E /* Extensiones.swift */ = {isa = PBXFileReference; lastKnownFileType = sourcecode.swift; path = Extensiones.swift; sourceTree = "<group>"; };
		D485896B2DEB9DF10074DB8E /* Utilidades.swift */ = {isa = PBXFileReference; lastKnownFileType = sourcecode.swift; path = Utilidades.swift; sourceTree = "<group>"; };
		D485896E2DEB9E4E0074DB8E /* ManipulacionCadenas.swift */ = {isa = PBXFileReference; lastKnownFileType = sourcecode.swift; path = ManipulacionCadenas.swift; sourceTree = "<group>"; };
		D48589702DEB9EFA0074DB8E /* SistemaArchivosUtilidades.swift */ = {isa = PBXFileReference; lastKnownFileType = sourcecode.swift; path = SistemaArchivosUtilidades.swift; sourceTree = "<group>"; };
		D48589732DEBA1A80074DB8E /* Archivo.swift */ = {isa = PBXFileReference; lastKnownFileType = sourcecode.swift; path = Archivo.swift; sourceTree = "<group>"; };
		D48589752DEBA1C50074DB8E /* Coleccion.swift */ = {isa = PBXFileReference; lastKnownFileType = sourcecode.swift; path = Coleccion.swift; sourceTree = "<group>"; };
		D48B45A02DF24E9E0088F40E /* CBZArchivo.swift */ = {isa = PBXFileReference; lastKnownFileType = sourcecode.swift; path = CBZArchivo.swift; sourceTree = "<group>"; };
		D48C587F2E3BA855006D9C07 /* CabeceraMasInformacion.swift */ = {isa = PBXFileReference; lastKnownFileType = sourcecode.swift; path = CabeceraMasInformacion.swift; sourceTree = "<group>"; };
		D48CC0502E53A55A00063AD9 /* AndreaTests.xctest */ = {isa = PBXFileReference; explicitFileType = wrapper.cfbundle; includeInIndex = 0; path = AndreaTests.xctest; sourceTree = BUILT_PRODUCTS_DIR; };
		D48CC0522E53A55A00063AD9 /* AndreaTests.swift */ = {isa = PBXFileReference; lastKnownFileType = sourcecode.swift; path = AndreaTests.swift; sourceTree = "<group>"; };
		D49961922E44D7A40089488D /* MenuHistorial.swift */ = {isa = PBXFileReference; lastKnownFileType = sourcecode.swift; path = MenuHistorial.swift; sourceTree = "<group>"; };
		D49961942E44F9380089488D /* NotificacionLog.swift */ = {isa = PBXFileReference; lastKnownFileType = sourcecode.swift; path = NotificacionLog.swift; sourceTree = "<group>"; };
		D49961962E4514C00089488D /* NotificacionesEstado.swift */ = {isa = PBXFileReference; lastKnownFileType = sourcecode.swift; path = NotificacionesEstado.swift; sourceTree = "<group>"; };
		D49BE6D42E17AF2500FEDB99 /* ModeloColeccion.swift */ = {isa = PBXFileReference; lastKnownFileType = sourcecode.swift; path = ModeloColeccion.swift; sourceTree = "<group>"; };
		D49D2AF02DEC5D7400AC8E36 /* Info.plist */ = {isa = PBXFileReference; lastKnownFileType = text.plist.xml; path = Info.plist; sourceTree = "<group>"; };
		D49D7D002E26D77500E0A93B /* ListaArchivo.swift */ = {isa = PBXFileReference; lastKnownFileType = sourcecode.swift; path = ListaArchivo.swift; sourceTree = "<group>"; };
		D49D7D022E26D77D00E0A93B /* ListaColeccion.swift */ = {isa = PBXFileReference; lastKnownFileType = sourcecode.swift; path = ListaColeccion.swift; sourceTree = "<group>"; };
		D49D7D042E26DAC100E0A93B /* ProgresoLista.swift */ = {isa = PBXFileReference; lastKnownFileType = sourcecode.swift; path = ProgresoLista.swift; sourceTree = "<group>"; };
		D49D7D062E26DB2800E0A93B /* InformacionLista.swift */ = {isa = PBXFileReference; lastKnownFileType = sourcecode.swift; path = InformacionLista.swift; sourceTree = "<group>"; };
		D49DE74A2E0D33F1002FDB7A /* CBRArchivo.swift */ = {isa = PBXFileReference; lastKnownFileType = sourcecode.swift; path = CBRArchivo.swift; sourceTree = "<group>"; };
		D49DE74F2E0D348F002FDB7A /* ImagenArchivoModelo.swift */ = {isa = PBXFileReference; lastKnownFileType = sourcecode.swift; path = ImagenArchivoModelo.swift; sourceTree = "<group>"; };
		D49E26692E3A77BD009A0EDC /* MasInformacion.swift */ = {isa = PBXFileReference; lastKnownFileType = sourcecode.swift; path = MasInformacion.swift; sourceTree = "<group>"; };
		D49E266C2E3A7C4A009A0EDC /* AyudaCambiarPortada.swift */ = {isa = PBXFileReference; lastKnownFileType = sourcecode.swift; path = AyudaCambiarPortada.swift; sourceTree = "<group>"; };
		D49F12F52E25349500C67FB8 /* MasInformacionColeccion.swift */ = {isa = PBXFileReference; lastKnownFileType = sourcecode.swift; path = MasInformacionColeccion.swift; sourceTree = "<group>"; };
		D4A02A752E59CD86000C5F32 /* GraficoProgresoLectura.swift */ = {isa = PBXFileReference; lastKnownFileType = sourcecode.swift; path = GraficoProgresoLectura.swift; sourceTree = "<group>"; };
		D4A02A792E59CE37000C5F32 /* VelocidadLectura.swift */ = {isa = PBXFileReference; lastKnownFileType = sourcecode.swift; path = VelocidadLectura.swift; sourceTree = "<group>"; };
		D4A0FF3C2DEB3FD200195018 /* LineaSeparadora.swift */ = {isa = PBXFileReference; lastKnownFileType = sourcecode.swift; path = LineaSeparadora.swift; sourceTree = "<group>"; };
		D4A0FF3E2DEB6F1500195018 /* MasTemas.swift */ = {isa = PBXFileReference; lastKnownFileType = sourcecode.swift; path = MasTemas.swift; sourceTree = "<group>"; };
		D4A12EF62E5A04B80022276D /* GraficoTiempoPorPagina.swift */ = {isa = PBXFileReference; lastKnownFileType = sourcecode.swift; path = GraficoTiempoPorPagina.swift; sourceTree = "<group>"; };
		D4A12EF82E5A0F730022276D /* GraficoPaginasMasVisitadas.swift */ = {isa = PBXFileReference; lastKnownFileType = sourcecode.swift; path = GraficoPaginasMasVisitadas.swift; sourceTree = "<group>"; };
		D4A270472E4C93EE00ECEF2F /* CheckerEncimaDelElemento.swift */ = {isa = PBXFileReference; lastKnownFileType = sourcecode.swift; path = CheckerEncimaDelElemento.swift; sourceTree = "<group>"; };
		D4A270492E4CA2B300ECEF2F /* VistaGeneral.swift */ = {isa = PBXFileReference; lastKnownFileType = sourcecode.swift; path = VistaGeneral.swift; sourceTree = "<group>"; };
		D4A65E012E27EBB500729A57 /* ArrastreManual.swift */ = {isa = PBXFileReference; lastKnownFileType = sourcecode.swift; path = ArrastreManual.swift; sourceTree = "<group>"; };
		D4A6C7242DEA1F9A00E7451F /* CirculoActivo.swift */ = {isa = PBXFileReference; lastKnownFileType = sourcecode.swift; path = CirculoActivo.swift; sourceTree = "<group>"; };
		D4A6C7262DEA216400E7451F /* RectangleFormView.swift */ = {isa = PBXFileReference; lastKnownFileType = sourcecode.swift; path = RectangleFormView.swift; sourceTree = "<group>"; };
		D4A6C7282DEA21C200E7451F /* Enums.swift */ = {isa = PBXFileReference; lastKnownFileType = sourcecode.swift; path = Enums.swift; sourceTree = "<group>"; };
		D4A888422E26F9EC00C64974 /* PlaceholderLista.swift */ = {isa = PBXFileReference; lastKnownFileType = sourcecode.swift; path = PlaceholderLista.swift; sourceTree = "<group>"; };
		D4AA438C2E3A22CC0033EF63 /* VistaMostrarEnArchivos.swift */ = {isa = PBXFileReference; lastKnownFileType = sourcecode.swift; path = VistaMostrarEnArchivos.swift; sourceTree = "<group>"; };
		D4ACA26A2E48EB8D00A367D9 /* ManipulacionSizes.swift */ = {isa = PBXFileReference; lastKnownFileType = sourcecode.swift; path = ManipulacionSizes.swift; sourceTree = "<group>"; };
		D4ACC9B12E1AB8C4006778AE /* ModeloMiniatura.swift */ = {isa = PBXFileReference; lastKnownFileType = sourcecode.swift; path = ModeloMiniatura.swift; sourceTree = "<group>"; };
		D4ADDB742DE9B6A50097A010 /* SideMenu.swift */ = {isa = PBXFileReference; lastKnownFileType = sourcecode.swift; path = SideMenu.swift; sourceTree = "<group>"; };
		D4ADDB762DE9B9990097A010 /* Constantes.swift */ = {isa = PBXFileReference; lastKnownFileType = sourcecode.swift; path = Constantes.swift; sourceTree = "<group>"; };
		D4ADDB792DE9B9E60097A010 /* MenuIzquierda.swift */ = {isa = PBXFileReference; lastKnownFileType = sourcecode.swift; path = MenuIzquierda.swift; sourceTree = "<group>"; };
		D4ADDB7B2DE9B9F10097A010 /* MenuCentro.swift */ = {isa = PBXFileReference; lastKnownFileType = sourcecode.swift; path = MenuCentro.swift; sourceTree = "<group>"; };
		D4ADDB7D2DE9B9FA0097A010 /* MenuDerecha.swift */ = {isa = PBXFileReference; lastKnownFileType = sourcecode.swift; path = MenuDerecha.swift; sourceTree = "<group>"; };
		D4ADDB812DE9C0530097A010 /* MenuEstado.swift */ = {isa = PBXFileReference; lastKnownFileType = sourcecode.swift; path = MenuEstado.swift; sourceTree = "<group>"; };
		D4ADDB882DE9C2E30097A010 /* AppEstado.swift */ = {isa = PBXFileReference; lastKnownFileType = sourcecode.swift; path = AppEstado.swift; sourceTree = "<group>"; };
		D4AECEBA2DEE33620032917F /* PilaColecciones.swift */ = {isa = PBXFileReference; lastKnownFileType = sourcecode.swift; path = PilaColecciones.swift; sourceTree = "<group>"; };
		D4B0BBA02E4C6A150073380E /* LectorComic.swift */ = {isa = PBXFileReference; lastKnownFileType = sourcecode.swift; path = LectorComic.swift; sourceTree = "<group>"; };
		D4B0BBA22E4C6ADD0073380E /* ComicCache.swift */ = {isa = PBXFileReference; lastKnownFileType = sourcecode.swift; path = ComicCache.swift; sourceTree = "<group>"; };
		D4B0BBA52E4C6B5B0073380E /* ProtocoloComic.swift */ = {isa = PBXFileReference; lastKnownFileType = sourcecode.swift; path = ProtocoloComic.swift; sourceTree = "<group>"; };
		D4B0BBA72E4C6D880073380E /* ComicPaginado.swift */ = {isa = PBXFileReference; lastKnownFileType = sourcecode.swift; path = ComicPaginado.swift; sourceTree = "<group>"; };
		D4B0CCE42E574FB1000C69CF /* MasInformacionArchivo.swift */ = {isa = PBXFileReference; lastKnownFileType = sourcecode.swift; path = MasInformacionArchivo.swift; sourceTree = "<group>"; };
		D4B0CCE72E5779FB000C69CF /* ProgresoCircular.swift */ = {isa = PBXFileReference; lastKnownFileType = sourcecode.swift; path = ProgresoCircular.swift; sourceTree = "<group>"; };
		D4B0CCE92E577AA9000C69CF /* EstadisticaProgresoLectura.swift */ = {isa = PBXFileReference; lastKnownFileType = sourcecode.swift; path = EstadisticaProgresoLectura.swift; sourceTree = "<group>"; };
		D4B0CCEB2E577BAF000C69CF /* EstadisticaProgresoTiempo.swift */ = {isa = PBXFileReference; lastKnownFileType = sourcecode.swift; path = EstadisticaProgresoTiempo.swift; sourceTree = "<group>"; };
		D4B159452E57D5F100942B91 /* GraficoVelocidad.swift */ = {isa = PBXFileReference; lastKnownFileType = sourcecode.swift; path = GraficoVelocidad.swift; sourceTree = "<group>"; };
		D4B159472E57DC1A00942B91 /* Tiempo.swift */ = {isa = PBXFileReference; lastKnownFileType = sourcecode.swift; path = Tiempo.swift; sourceTree = "<group>"; };
		D4B23F9F2E45F4F200425DB8 /* ContenidoAjustesGloables.swift */ = {isa = PBXFileReference; lastKnownFileType = sourcecode.swift; path = ContenidoAjustesGloables.swift; sourceTree = "<group>"; };
		D4B23FA12E45F54F00425DB8 /* IndicesAjustes.swift */ = {isa = PBXFileReference; lastKnownFileType = sourcecode.swift; path = IndicesAjustes.swift; sourceTree = "<group>"; };
		D4B23FA32E46056800425DB8 /* AyudaMenu.swift */ = {isa = PBXFileReference; lastKnownFileType = sourcecode.swift; path = AyudaMenu.swift; sourceTree = "<group>"; };
		D4B23FA52E4606CA00425DB8 /* ayudaHistorial.swift */ = {isa = PBXFileReference; lastKnownFileType = sourcecode.swift; path = ayudaHistorial.swift; sourceTree = "<group>"; };
		D4B3C3BA2E3A8E3B00CA6064 /* MenuSeleccionMultipleArriba.swift */ = {isa = PBXFileReference; lastKnownFileType = sourcecode.swift; path = MenuSeleccionMultipleArriba.swift; sourceTree = "<group>"; };
		D4B3C3BC2E3A8E4700CA6064 /* MenuSeleccionMultipleAbajo.swift */ = {isa = PBXFileReference; lastKnownFileType = sourcecode.swift; path = MenuSeleccionMultipleAbajo.swift; sourceTree = "<group>"; };
		D4B408FA2E58BE440076B9B4 /* Fechas.swift */ = {isa = PBXFileReference; lastKnownFileType = sourcecode.swift; path = Fechas.swift; sourceTree = "<group>"; };
		D4B6DF252E54E35C00A46D0A /* General.swift */ = {isa = PBXFileReference; lastKnownFileType = sourcecode.swift; path = General.swift; sourceTree = "<group>"; };
		D4B741832E15CBBD009511F1 /* PersistenciaDatos.swift */ = {isa = PBXFileReference; lastKnownFileType = sourcecode.swift; path = PersistenciaDatos.swift; sourceTree = "<group>"; };
		D4B88CAF2E5467A900E68D45 /* Colores.swift */ = {isa = PBXFileReference; lastKnownFileType = sourcecode.swift; path = Colores.swift; sourceTree = "<group>"; };
		D4B921902E5871C500305A09 /* InformacionAvanzada.swift */ = {isa = PBXFileReference; lastKnownFileType = sourcecode.swift; path = InformacionAvanzada.swift; sourceTree = "<group>"; };
		D4BA32F02E0BDD1300CF3219 /* InformacionCuadricula.swift */ = {isa = PBXFileReference; lastKnownFileType = sourcecode.swift; path = InformacionCuadricula.swift; sourceTree = "<group>"; };
		D4BA32F22E0BDDC900CF3219 /* ProgresoCuadricula.swift */ = {isa = PBXFileReference; lastKnownFileType = sourcecode.swift; path = ProgresoCuadricula.swift; sourceTree = "<group>"; };
		D4BF0B1E2DEF493500152333 /* FabricaArchivo.swift */ = {isa = PBXFileReference; lastKnownFileType = sourcecode.swift; path = FabricaArchivo.swift; sourceTree = "<group>"; };
		D4BF0B202DEF494000152333 /* FabricaColeccion.swift */ = {isa = PBXFileReference; lastKnownFileType = sourcecode.swift; path = FabricaColeccion.swift; sourceTree = "<group>"; };
		D4BF0B222DEF4AA000152333 /* ProtocoloArchivo.swift */ = {isa = PBXFileReference; lastKnownFileType = sourcecode.swift; path = ProtocoloArchivo.swift; sourceTree = "<group>"; };
		D4BF0B252DEF4B4F00152333 /* EnumTipoArchivos.swift */ = {isa = PBXFileReference; lastKnownFileType = sourcecode.swift; path = EnumTipoArchivos.swift; sourceTree = "<group>"; };
		D4BF0B282DEF4F9100152333 /* TXTArchivo.swift */ = {isa = PBXFileReference; lastKnownFileType = sourcecode.swift; path = TXTArchivo.swift; sourceTree = "<group>"; };
		D4BF4B1B2E168D1400224C71 /* Algoritmos.swift */ = {isa = PBXFileReference; lastKnownFileType = sourcecode.swift; path = Algoritmos.swift; sourceTree = "<group>"; };
		D4C4A2AD2E66075500B16EA9 /* ImagenInfo.swift */ = {isa = PBXFileReference; lastKnownFileType = sourcecode.swift; path = ImagenInfo.swift; sourceTree = "<group>"; };
		D4CF28E22E323CF3003B3ABC /* ModificarTamano.swift */ = {isa = PBXFileReference; lastKnownFileType = sourcecode.swift; path = ModificarTamano.swift; sourceTree = "<group>"; };
		D4CF28E42E323D3D003B3ABC /* Desplazamiento.swift */ = {isa = PBXFileReference; lastKnownFileType = sourcecode.swift; path = Desplazamiento.swift; sourceTree = "<group>"; };
		D4CF28E62E323E29003B3ABC /* ModeloMiniaturaArchivo.swift */ = {isa = PBXFileReference; lastKnownFileType = sourcecode.swift; path = ModeloMiniaturaArchivo.swift; sourceTree = "<group>"; };
		D4CF28E82E323F15003B3ABC /* Libreria.swift */ = {isa = PBXFileReference; lastKnownFileType = sourcecode.swift; path = Libreria.swift; sourceTree = "<group>"; };
		D4D8CCF52E377CD600F7F18D /* ListaColeccionMenu.swift */ = {isa = PBXFileReference; lastKnownFileType = sourcecode.swift; path = ListaColeccionMenu.swift; sourceTree = "<group>"; };
		D4DA1BD62E3BC9DE00529C47 /* Consejos.swift */ = {isa = PBXFileReference; lastKnownFileType = sourcecode.swift; path = Consejos.swift; sourceTree = "<group>"; };
		D4DA1BD82E3BE0B300529C47 /* CartaHolografica3D.swift */ = {isa = PBXFileReference; lastKnownFileType = sourcecode.swift; path = CartaHolografica3D.swift; sourceTree = "<group>"; };
		D4DEBBEB2DE9CCD500F06C30 /* AjustesGlobales.swift */ = {isa = PBXFileReference; lastKnownFileType = sourcecode.swift; path = AjustesGlobales.swift; sourceTree = "<group>"; };
		D4DEBBEF2DE9CD7F00F06C30 /* AjustesTema.swift */ = {isa = PBXFileReference; lastKnownFileType = sourcecode.swift; path = AjustesTema.swift; sourceTree = "<group>"; };
		D4DEBBF12DE9D8ED00F06C30 /* AjustesColor.swift */ = {isa = PBXFileReference; lastKnownFileType = sourcecode.swift; path = AjustesColor.swift; sourceTree = "<group>"; };
		D4DF31782DEC7362000D15CC /* ElementoPlaceholder.swift */ = {isa = PBXFileReference; lastKnownFileType = sourcecode.swift; path = ElementoPlaceholder.swift; sourceTree = "<group>"; };
		D4DF317A2DEC74F0000D15CC /* CuadriculaVista.swift */ = {isa = PBXFileReference; lastKnownFileType = sourcecode.swift; path = CuadriculaVista.swift; sourceTree = "<group>"; };
		D4DF317D2DEC77D1000D15CC /* PlaceholderCuadricula.swift */ = {isa = PBXFileReference; lastKnownFileType = sourcecode.swift; path = PlaceholderCuadricula.swift; sourceTree = "<group>"; };
/* End PBXFileReference section */

/* Begin PBXFrameworksBuildPhase section */
		D45E6FF12DE7A772001F816A /* Frameworks */ = {
			isa = PBXFrameworksBuildPhase;
			buildActionMask = 2147483647;
			files = (
				D4E0B4BC2E1D9FA5008586D2 /* Unrar in Frameworks */,
				D48B459F2DF248310088F40E /* Unrar in Frameworks */,
				D48B45A42DF250720088F40E /* ZIPFoundation in Frameworks */,
			);
			runOnlyForDeploymentPostprocessing = 0;
		};
		D48CC04D2E53A55A00063AD9 /* Frameworks */ = {
			isa = PBXFrameworksBuildPhase;
			buildActionMask = 2147483647;
			files = (
			);
			runOnlyForDeploymentPostprocessing = 0;
		};
/* End PBXFrameworksBuildPhase section */

/* Begin PBXGroup section */
		D42084302E58DC9F008525DB /* estadisticas */ = {
			isa = PBXGroup;
			children = (
				D42084312E58DCAF008525DB /* EstadisticasYProgresoLectura.swift */,
			);
			path = estadisticas;
			sourceTree = "<group>";
		};
		D45E6FEB2DE7A772001F816A = {
			isa = PBXGroup;
			children = (
				D45E6FFB2DE7A773001F816A /* Assets.xcassets */,
				D45E6FF62DE7A772001F816A /* Andrea */,
				D48CC0512E53A55A00063AD9 /* AndreaTests */,
				D45E6FF52DE7A772001F816A /* Products */,
			);
			sourceTree = "<group>";
		};
		D45E6FF52DE7A772001F816A /* Products */ = {
			isa = PBXGroup;
			children = (
				D45E6FF42DE7A772001F816A /* Andrea.app */,
				D48CC0502E53A55A00063AD9 /* AndreaTests.xctest */,
			);
			name = Products;
			sourceTree = "<group>";
		};
		D45E6FF62DE7A772001F816A /* Andrea */ = {
			isa = PBXGroup;
			children = (
				D49D2AF02DEC5D7400AC8E36 /* Info.plist */,
				D45E6FF72DE7A772001F816A /* AndreaApp.swift */,
				D45E70052DE7A7C4001F816A /* AndreaAppView.swift */,
				D45E6FF92DE7A772001F816A /* VistaPrincipal.swift */,
				D4ADDB802DE9C03F0097A010 /* environment */,
				D4ADDB702DE9B4AD0097A010 /* utils */,
				D4ADDB6F2DE9B4A50097A010 /* modelo */,
				D4ADDB6E2DE9B4A00097A010 /* vista */,
				D45E6FFD2DE7A773001F816A /* Preview Content */,
			);
			path = Andrea;
			sourceTree = "<group>";
		};
		D45E6FFD2DE7A773001F816A /* Preview Content */ = {
			isa = PBXGroup;
			children = (
				D45E6FFE2DE7A773001F816A /* Preview Assets.xcassets */,
			);
			path = "Preview Content";
			sourceTree = "<group>";
		};
		D46E94332DEA284A00ABD9EE /* vistasCompartidas */ = {
			isa = PBXGroup;
			children = (
				D4A6C7262DEA216400E7451F /* RectangleFormView.swift */,
				D4A0FF3E2DEB6F1500195018 /* MasTemas.swift */,
				D4A6C7242DEA1F9A00E7451F /* CirculoActivo.swift */,
				D46E94342DEA287000ABD9EE /* Toggle.swift */,
				D4A0FF3C2DEB3FD200195018 /* LineaSeparadora.swift */,
				D480E76D2E42236900C8BBCC /* TogglePersonalizado.swift */,
			);
			path = vistasCompartidas;
			sourceTree = "<group>";
		};
		D47139B62E0ACD9800B5FA35 /* ModoVistas */ = {
			isa = PBXGroup;
			children = (
				D49E266B2E3A7C37009A0EDC /* AyudaContextMenu */,
				D47139C42E0AE47C00B5FA35 /* ElementoVista.swift */,
				D47139BF2E0AE43200B5FA35 /* Lista */,
				D47139B72E0ACDB300B5FA35 /* Cuadricula */,
			);
			path = ModoVistas;
			sourceTree = "<group>";
		};
		D47139B72E0ACDB300B5FA35 /* Cuadricula */ = {
			isa = PBXGroup;
			children = (
				D4DF317A2DEC74F0000D15CC /* CuadriculaVista.swift */,
				D47139C82E0AE77000B5FA35 /* CuadriculaColeccion.swift */,
				D47139C62E0AE76500B5FA35 /* CuadriculaArchivo.swift */,
				D4BA32F22E0BDDC900CF3219 /* ProgresoCuadricula.swift */,
				D4BA32F02E0BDD1300CF3219 /* InformacionCuadricula.swift */,
				D4DF317D2DEC77D1000D15CC /* PlaceholderCuadricula.swift */,
			);
			path = Cuadricula;
			sourceTree = "<group>";
		};
		D47139BF2E0AE43200B5FA35 /* Lista */ = {
			isa = PBXGroup;
			children = (
				D47139C02E0AE44200B5FA35 /* ListaVista.swift */,
				D49D7D002E26D77500E0A93B /* ListaArchivo.swift */,
				D49D7D022E26D77D00E0A93B /* ListaColeccion.swift */,
				D49D7D042E26DAC100E0A93B /* ProgresoLista.swift */,
				D49D7D062E26DB2800E0A93B /* InformacionLista.swift */,
				D4A888422E26F9EC00C64974 /* PlaceholderLista.swift */,
			);
			path = Lista;
			sourceTree = "<group>";
		};
		D48589642DEB9CB50074DB8E /* herencia */ = {
			isa = PBXGroup;
			children = (
				D48589652DEB9CD50074DB8E /* ElementoSistemaArchivosProtocolo.swift */,
				D48589672DEB9D7E0074DB8E /* ElementSistemaArchivos.swift */,
				D4DF31782DEC7362000D15CC /* ElementoPlaceholder.swift */,
				D4BF0B1C2DEF48E300152333 /* coleccion */,
				D4BF0B1B2DEF48DD00152333 /* archivoModelo */,
			);
			name = herencia;
			path = sistemaDeArchivos/herencia;
			sourceTree = "<group>";
		};
		D485896D2DEB9E1E0074DB8E /* utils */ = {
			isa = PBXGroup;
			children = (
				D4AA438B2E3A22B00033EF63 /* UtilidadesSistemaArchivos */,
				D485896B2DEB9DF10074DB8E /* Utilidades.swift */,
				D4BF4B1B2E168D1400224C71 /* Algoritmos.swift */,
				D485896E2DEB9E4E0074DB8E /* ManipulacionCadenas.swift */,
				D4BF0B242DEF4B2B00152333 /* Enums */,
				D4ACA26A2E48EB8D00A367D9 /* ManipulacionSizes.swift */,
				D4B88CAF2E5467A900E68D45 /* Colores.swift */,
				D4B159472E57DC1A00942B91 /* Tiempo.swift */,
				D4B408FA2E58BE440076B9B4 /* Fechas.swift */,
			);
			path = utils;
			sourceTree = "<group>";
		};
		D48CC0512E53A55A00063AD9 /* AndreaTests */ = {
			isa = PBXGroup;
			children = (
				D48CC0522E53A55A00063AD9 /* AndreaTests.swift */,
			);
			path = AndreaTests;
			sourceTree = "<group>";
		};
		D49961912E44D78F0089488D /* MenuDerecha */ = {
			isa = PBXGroup;
			children = (
				D4ADDB7D2DE9B9FA0097A010 /* MenuDerecha.swift */,
				D49961922E44D7A40089488D /* MenuHistorial.swift */,
				D49961942E44F9380089488D /* NotificacionLog.swift */,
			);
			path = MenuDerecha;
			sourceTree = "<group>";
		};
		D49BE6D32E17AF0400FEDB99 /* MVVM */ = {
			isa = PBXGroup;
			children = (
				D49BE6D42E17AF2500FEDB99 /* ModeloColeccion.swift */,
				D4CF28E62E323E29003B3ABC /* ModeloMiniaturaArchivo.swift */,
			);
			path = MVVM;
			sourceTree = "<group>";
		};
		D49DE74C2E0D3458002FDB7A /* imagenes */ = {
			isa = PBXGroup;
			children = (
				D49DE74F2E0D348F002FDB7A /* ImagenArchivoModelo.swift */,
				D4ACC9B12E1AB8C4006778AE /* ModeloMiniatura.swift */,
				D4C4A2AD2E66075500B16EA9 /* ImagenInfo.swift */,
			);
			path = imagenes;
			sourceTree = "<group>";
		};
		D49E266B2E3A7C37009A0EDC /* AyudaContextMenu */ = {
			isa = PBXGroup;
			children = (
				D49E266C2E3A7C4A009A0EDC /* AyudaCambiarPortada.swift */,
			);
			path = AyudaContextMenu;
			sourceTree = "<group>";
		};
		D49F12F42E25348300C67FB8 /* MasInformacion */ = {
			isa = PBXGroup;
			children = (
				D4B0CCE62E5779E5000C69CF /* AyudasMasInformacion */,
				D49E26692E3A77BD009A0EDC /* MasInformacion.swift */,
				D4B0CCE42E574FB1000C69CF /* MasInformacionArchivo.swift */,
				D49F12F52E25349500C67FB8 /* MasInformacionColeccion.swift */,
			);
			path = MasInformacion;
			sourceTree = "<group>";
		};
		D4A02A742E59CD67000C5F32 /* ProgresoLectura */ = {
			isa = PBXGroup;
			children = (
				D4A02A752E59CD86000C5F32 /* GraficoProgresoLectura.swift */,
			);
			path = ProgresoLectura;
			sourceTree = "<group>";
		};
		D4A02A772E59CE0A000C5F32 /* Graficos */ = {
			isa = PBXGroup;
			children = (
				D4A12EF52E5A049C0022276D /* PaginasMasVistas */,
				D4B0CCE72E5779FB000C69CF /* ProgresoCircular.swift */,
				D4A02A782E59CE18000C5F32 /* VelocidadLectura */,
				D4A02A742E59CD67000C5F32 /* ProgresoLectura */,
			);
			path = Graficos;
			sourceTree = "<group>";
		};
		D4A02A782E59CE18000C5F32 /* VelocidadLectura */ = {
			isa = PBXGroup;
			children = (
				D4A02A792E59CE37000C5F32 /* VelocidadLectura.swift */,
				D4B159452E57D5F100942B91 /* GraficoVelocidad.swift */,
			);
			path = VelocidadLectura;
			sourceTree = "<group>";
		};
		D4A12EF52E5A049C0022276D /* PaginasMasVistas */ = {
			isa = PBXGroup;
			children = (
				D4A12EF62E5A04B80022276D /* GraficoTiempoPorPagina.swift */,
				D4A12EF82E5A0F730022276D /* GraficoPaginasMasVisitadas.swift */,
			);
			path = PaginasMasVistas;
			sourceTree = "<group>";
		};
		D4AA438B2E3A22B00033EF63 /* UtilidadesSistemaArchivos */ = {
			isa = PBXGroup;
			children = (
				D440162D2DF1CB490025832B /* DocumentPicker.swift */,
				D4AA438C2E3A22CC0033EF63 /* VistaMostrarEnArchivos.swift */,
			);
			path = UtilidadesSistemaArchivos;
			sourceTree = "<group>";
		};
		D4ADDB6E2DE9B4A00097A010 /* vista */ = {
			isa = PBXGroup;
			children = (
				D4DA1BD52E3BC9CA00529C47 /* consejos */,
				D4ADDB732DE9B69C0097A010 /* principal */,
				D4DEBBEA2DE9CCB100F06C30 /* ajustesGlobales */,
				D4ADDB722DE9B4E90097A010 /* menu */,
				D4B3C3B92E3A8E0B00CA6064 /* MenuSeleccionMultiple */,
				D4ADDB7F2DE9BE730097A010 /* historial */,
				D4ADDB712DE9B4DB0097A010 /* libreria */,
				D49F12F42E25348300C67FB8 /* MasInformacion */,
				D4CF28EA2E323FC2003B3ABC /* vistaAyudas */,
			);
			path = vista;
			sourceTree = "<group>";
		};
		D4ADDB6F2DE9B4A50097A010 /* modelo */ = {
			isa = PBXGroup;
			children = (
				D42084302E58DC9F008525DB /* estadisticas */,
				D48589642DEB9CB50074DB8E /* herencia */,
				D49DE74C2E0D3458002FDB7A /* imagenes */,
				D4ADDB852DE9C0820097A010 /* sistemaDeArchivos */,
			);
			path = modelo;
			sourceTree = "<group>";
		};
		D4ADDB702DE9B4AD0097A010 /* utils */ = {
			isa = PBXGroup;
			children = (
				D485896D2DEB9E1E0074DB8E /* utils */,
				D4ADDB762DE9B9990097A010 /* Constantes.swift */,
				D48589692DEB9DC30074DB8E /* Extensiones.swift */,
			);
			path = utils;
			sourceTree = "<group>";
		};
		D4ADDB712DE9B4DB0097A010 /* libreria */ = {
			isa = PBXGroup;
			children = (
				D4CF28E82E323F15003B3ABC /* Libreria.swift */,
				D47139B62E0ACD9800B5FA35 /* ModoVistas */,
				D4DF317C2DEC77BD000D15CC /* ayudasLibreria */,
			);
			path = libreria;
			sourceTree = "<group>";
		};
		D4ADDB722DE9B4E90097A010 /* menu */ = {
			isa = PBXGroup;
			children = (
				D45E700B2DE7A803001F816A /* MenuVista.swift */,
				D4B23FA32E46056800425DB8 /* AyudaMenu.swift */,
				D4D8CCF22E377C3D00F7F18D /* menuIzquierda */,
				D4ADDB7B2DE9B9F10097A010 /* MenuCentro.swift */,
				D49961912E44D78F0089488D /* MenuDerecha */,
			);
			path = menu;
			sourceTree = "<group>";
		};
		D4ADDB732DE9B69C0097A010 /* principal */ = {
			isa = PBXGroup;
			children = (
				D4ADDB742DE9B6A50097A010 /* SideMenu.swift */,
			);
			path = principal;
			sourceTree = "<group>";
		};
		D4ADDB7F2DE9BE730097A010 /* historial */ = {
			isa = PBXGroup;
			children = (
				D402E7AD2DEF6EED00BAC95E /* HistorialColecciones.swift */,
				D4B23FA52E4606CA00425DB8 /* ayudaHistorial.swift */,
			);
			path = historial;
			sourceTree = "<group>";
		};
		D4ADDB802DE9C03F0097A010 /* environment */ = {
			isa = PBXGroup;
			children = (
				D4ADDB882DE9C2E30097A010 /* AppEstado.swift */,
				D4ADDB812DE9C0530097A010 /* MenuEstado.swift */,
				D4AECEBA2DEE33620032917F /* PilaColecciones.swift */,
				D49961962E4514C00089488D /* NotificacionesEstado.swift */,
			);
			path = environment;
			sourceTree = "<group>";
		};
		D4ADDB852DE9C0820097A010 /* sistemaDeArchivos */ = {
			isa = PBXGroup;
			children = (
				D49BE6D32E17AF0400FEDB99 /* MVVM */,
				D45E70092DE7A7F3001F816A /* SistemaArchivos.swift */,
				D48589702DEB9EFA0074DB8E /* SistemaArchivosUtilidades.swift */,
				D4B741832E15CBBD009511F1 /* PersistenciaDatos.swift */,
			);
			path = sistemaDeArchivos;
			sourceTree = "<group>";
		};
		D4B0BB9F2E4C69EC0073380E /* VistaComic */ = {
			isa = PBXGroup;
			children = (
				D4B0BBA02E4C6A150073380E /* LectorComic.swift */,
				D4B0BBA22E4C6ADD0073380E /* ComicCache.swift */,
				D4B0BBA72E4C6D880073380E /* ComicPaginado.swift */,
			);
			path = VistaComic;
			sourceTree = "<group>";
		};
		D4B0BBA42E4C6B470073380E /* COMIC */ = {
			isa = PBXGroup;
			children = (
				D4B0BB9F2E4C69EC0073380E /* VistaComic */,
				D48B45A02DF24E9E0088F40E /* CBZArchivo.swift */,
				D49DE74A2E0D33F1002FDB7A /* CBRArchivo.swift */,
				D4B0BBA52E4C6B5B0073380E /* ProtocoloComic.swift */,
			);
			path = COMIC;
			sourceTree = "<group>";
		};
		D4B0CCE62E5779E5000C69CF /* AyudasMasInformacion */ = {
			isa = PBXGroup;
			children = (
				D48C587F2E3BA855006D9C07 /* CabeceraMasInformacion.swift */,
				D4A02A772E59CE0A000C5F32 /* Graficos */,
				D4B0CCE92E577AA9000C69CF /* EstadisticaProgresoLectura.swift */,
				D4B0CCEB2E577BAF000C69CF /* EstadisticaProgresoTiempo.swift */,
				D4B921902E5871C500305A09 /* InformacionAvanzada.swift */,
			);
			path = AyudasMasInformacion;
			sourceTree = "<group>";
		};
		D4B3C3B92E3A8E0B00CA6064 /* MenuSeleccionMultiple */ = {
			isa = PBXGroup;
			children = (
				D4B3C3BA2E3A8E3B00CA6064 /* MenuSeleccionMultipleArriba.swift */,
				D4B3C3BC2E3A8E4700CA6064 /* MenuSeleccionMultipleAbajo.swift */,
				D4A270472E4C93EE00ECEF2F /* CheckerEncimaDelElemento.swift */,
			);
			path = MenuSeleccionMultiple;
			sourceTree = "<group>";
		};
		D4BA32F42E0BE3EF00CF3219 /* animaciones */ = {
			isa = PBXGroup;
			children = (
				D46BE97A2E54F72D0069BCC1 /* Animaciones.swift */,
			);
			path = animaciones;
			sourceTree = "<group>";
		};
		D4BF0B1B2DEF48DD00152333 /* archivoModelo */ = {
			isa = PBXGroup;
			children = (
				D4BF0B222DEF4AA000152333 /* ProtocoloArchivo.swift */,
				D48589732DEBA1A80074DB8E /* Archivo.swift */,
				D4BF0B1E2DEF493500152333 /* FabricaArchivo.swift */,
				D4BF0B272DEF4F7500152333 /* archivos */,
			);
			path = archivoModelo;
			sourceTree = "<group>";
		};
		D4BF0B1C2DEF48E300152333 /* coleccion */ = {
			isa = PBXGroup;
			children = (
				D48589752DEBA1C50074DB8E /* Coleccion.swift */,
				D4BF0B202DEF494000152333 /* FabricaColeccion.swift */,
			);
			path = coleccion;
			sourceTree = "<group>";
		};
		D4BF0B242DEF4B2B00152333 /* Enums */ = {
			isa = PBXGroup;
			children = (
				D4A6C7282DEA21C200E7451F /* Enums.swift */,
				D4BF0B252DEF4B4F00152333 /* EnumTipoArchivos.swift */,
			);
			path = Enums;
			sourceTree = "<group>";
		};
		D4BF0B272DEF4F7500152333 /* archivos */ = {
			isa = PBXGroup;
			children = (
				D4B0BBA42E4C6B470073380E /* COMIC */,
				D4BF0B282DEF4F9100152333 /* TXTArchivo.swift */,
				D4A270492E4CA2B300ECEF2F /* VistaGeneral.swift */,
			);
			path = archivos;
			sourceTree = "<group>";
		};
		D4CF28EA2E323FC2003B3ABC /* vistaAyudas */ = {
			isa = PBXGroup;
			children = (
				D4BA32F42E0BE3EF00CF3219 /* animaciones */,
				D4DA1BD82E3BE0B300529C47 /* CartaHolografica3D.swift */,
				D424A40A2E4BEBC3003D8BD8 /* AnimatedScrollViewTest.swift */,
			);
			path = vistaAyudas;
			sourceTree = "<group>";
		};
		D4D8CCF22E377C3D00F7F18D /* menuIzquierda */ = {
			isa = PBXGroup;
			children = (
				D4ADDB792DE9B9E60097A010 /* MenuIzquierda.swift */,
				D4D8CCF52E377CD600F7F18D /* ListaColeccionMenu.swift */,
			);
			path = menuIzquierda;
			sourceTree = "<group>";
		};
		D4DA1BD52E3BC9CA00529C47 /* consejos */ = {
			isa = PBXGroup;
			children = (
				D4DA1BD62E3BC9DE00529C47 /* Consejos.swift */,
			);
			path = consejos;
			sourceTree = "<group>";
		};
		D4DEBBEA2DE9CCB100F06C30 /* ajustesGlobales */ = {
			isa = PBXGroup;
			children = (
				D4DEBBEB2DE9CCD500F06C30 /* AjustesGlobales.swift */,
				D4B23F9F2E45F4F200425DB8 /* ContenidoAjustesGloables.swift */,
				D4B23FA12E45F54F00425DB8 /* IndicesAjustes.swift */,
				D46E94332DEA284A00ABD9EE /* vistasCompartidas */,
				D4DEBBED2DE9CD6000F06C30 /* ajustesSeccion */,
			);
			path = ajustesGlobales;
			sourceTree = "<group>";
		};
		D4DEBBED2DE9CD6000F06C30 /* ajustesSeccion */ = {
			isa = PBXGroup;
			children = (
				D4B6DF252E54E35C00A46D0A /* General.swift */,
				D4DEBBEF2DE9CD7F00F06C30 /* AjustesTema.swift */,
				D4DEBBF12DE9D8ED00F06C30 /* AjustesColor.swift */,
				D40E28AD2E1C24050024DF2E /* AjustesSistemaColecciones.swift */,
				D480E76B2E42216300C8BBCC /* Rendimiento.swift */,
				D45A82262E4CFC7800B92262 /* AjustesBarraEstado.swift */,
				D46E94312DEA27E800ABD9EE /* AjustesMenu.swift */,
				D47035DA2E4288D0008906C9 /* AjustesHistorial.swift */,
				D45A822A2E4D0F5300B92262 /* AjustesLibreria.swift */,
				D45A82282E4D0E3700B92262 /* AjustesVisualizacion.swift */,
			);
			path = ajustesSeccion;
			sourceTree = "<group>";
		};
		D4DF317C2DEC77BD000D15CC /* ayudasLibreria */ = {
			isa = PBXGroup;
			children = (
				D4A65E012E27EBB500729A57 /* ArrastreManual.swift */,
				D4CF28E22E323CF3003B3ABC /* ModificarTamano.swift */,
				D4CF28E42E323D3D003B3ABC /* Desplazamiento.swift */,
			);
			path = ayudasLibreria;
			sourceTree = "<group>";
		};
/* End PBXGroup section */

/* Begin PBXNativeTarget section */
		D45E6FF32DE7A772001F816A /* Andrea */ = {
			isa = PBXNativeTarget;
			buildConfigurationList = D45E70022DE7A773001F816A /* Build configuration list for PBXNativeTarget "Andrea" */;
			buildPhases = (
				D45E6FF02DE7A772001F816A /* Sources */,
				D45E6FF12DE7A772001F816A /* Frameworks */,
				D45E6FF22DE7A772001F816A /* Resources */,
			);
			buildRules = (
			);
			dependencies = (
			);
			name = Andrea;
			packageProductDependencies = (
				D48B459E2DF248310088F40E /* Unrar */,
				D48B45A32DF250720088F40E /* ZIPFoundation */,
				D4E0B4BB2E1D9FA5008586D2 /* Unrar */,
			);
			productName = Andrea;
			productReference = D45E6FF42DE7A772001F816A /* Andrea.app */;
			productType = "com.apple.product-type.application";
		};
		D48CC04F2E53A55A00063AD9 /* AndreaTests */ = {
			isa = PBXNativeTarget;
			buildConfigurationList = D48CC0562E53A55A00063AD9 /* Build configuration list for PBXNativeTarget "AndreaTests" */;
			buildPhases = (
				D48CC04C2E53A55A00063AD9 /* Sources */,
				D48CC04D2E53A55A00063AD9 /* Frameworks */,
				D48CC04E2E53A55A00063AD9 /* Resources */,
			);
			buildRules = (
			);
			dependencies = (
				D48CC0552E53A55A00063AD9 /* PBXTargetDependency */,
			);
			name = AndreaTests;
			productName = AndreaTests;
			productReference = D48CC0502E53A55A00063AD9 /* AndreaTests.xctest */;
			productType = "com.apple.product-type.bundle.unit-test";
		};
/* End PBXNativeTarget section */

/* Begin PBXProject section */
		D45E6FEC2DE7A772001F816A /* Project object */ = {
			isa = PBXProject;
			attributes = {
				BuildIndependentTargetsInParallel = 1;
				LastSwiftUpdateCheck = 1510;
				LastUpgradeCheck = 1510;
				TargetAttributes = {
					D45E6FF32DE7A772001F816A = {
						CreatedOnToolsVersion = 15.1;
					};
					D48CC04F2E53A55A00063AD9 = {
						CreatedOnToolsVersion = 15.1;
						TestTargetID = D45E6FF32DE7A772001F816A;
					};
				};
			};
			buildConfigurationList = D45E6FEF2DE7A772001F816A /* Build configuration list for PBXProject "Andrea" */;
			compatibilityVersion = "Xcode 14.0";
			developmentRegion = en;
			hasScannedForEncodings = 0;
			knownRegions = (
				en,
				Base,
			);
			mainGroup = D45E6FEB2DE7A772001F816A;
			packageReferences = (
				D48B459D2DF248310088F40E /* XCRemoteSwiftPackageReference "Unrar" */,
				D48B45A22DF250720088F40E /* XCRemoteSwiftPackageReference "ZIPFoundation" */,
			);
			productRefGroup = D45E6FF52DE7A772001F816A /* Products */;
			projectDirPath = "";
			projectRoot = "";
			targets = (
				D45E6FF32DE7A772001F816A /* Andrea */,
				D48CC04F2E53A55A00063AD9 /* AndreaTests */,
			);
		};
/* End PBXProject section */

/* Begin PBXResourcesBuildPhase section */
		D45E6FF22DE7A772001F816A /* Resources */ = {
			isa = PBXResourcesBuildPhase;
			buildActionMask = 2147483647;
			files = (
				D45E6FFF2DE7A773001F816A /* Preview Assets.xcassets in Resources */,
				D45E6FFC2DE7A773001F816A /* Assets.xcassets in Resources */,
			);
			runOnlyForDeploymentPostprocessing = 0;
		};
		D48CC04E2E53A55A00063AD9 /* Resources */ = {
			isa = PBXResourcesBuildPhase;
			buildActionMask = 2147483647;
			files = (
			);
			runOnlyForDeploymentPostprocessing = 0;
		};
/* End PBXResourcesBuildPhase section */

/* Begin PBXSourcesBuildPhase section */
		D45E6FF02DE7A772001F816A /* Sources */ = {
			isa = PBXSourcesBuildPhase;
			buildActionMask = 2147483647;
			files = (
				D49961932E44D7A40089488D /* MenuHistorial.swift in Sources */,
				D49DE74B2E0D33F1002FDB7A /* CBRArchivo.swift in Sources */,
				D45E6FFA2DE7A772001F816A /* VistaPrincipal.swift in Sources */,
				D4A65E022E27EBB500729A57 /* ArrastreManual.swift in Sources */,
				D45E700C2DE7A803001F816A /* MenuVista.swift in Sources */,
				D4B408FB2E58BE440076B9B4 /* Fechas.swift in Sources */,
				D4BF0B1F2DEF493500152333 /* FabricaArchivo.swift in Sources */,
				D49F12F62E25349500C67FB8 /* MasInformacionColeccion.swift in Sources */,
				D49E266D2E3A7C4A009A0EDC /* AyudaCambiarPortada.swift in Sources */,
				D4A270482E4C93EE00ECEF2F /* CheckerEncimaDelElemento.swift in Sources */,
				D4CF28E92E323F15003B3ABC /* Libreria.swift in Sources */,
				D45E700A2DE7A7F3001F816A /* SistemaArchivos.swift in Sources */,
				D45A82272E4CFC7800B92262 /* AjustesBarraEstado.swift in Sources */,
				D45A822B2E4D0F5300B92262 /* AjustesLibreria.swift in Sources */,
				D485896F2DEB9E4E0074DB8E /* ManipulacionCadenas.swift in Sources */,
				D49BE6D52E17AF2500FEDB99 /* ModeloColeccion.swift in Sources */,
				D4DF317B2DEC74F0000D15CC /* CuadriculaVista.swift in Sources */,
				D49961952E44F9380089488D /* NotificacionLog.swift in Sources */,
				D4B0BBA32E4C6ADD0073380E /* ComicCache.swift in Sources */,
				D4ADDB892DE9C2E30097A010 /* AppEstado.swift in Sources */,
				D4B23FA42E46056800425DB8 /* AyudaMenu.swift in Sources */,
				D4AA438D2E3A22CC0033EF63 /* VistaMostrarEnArchivos.swift in Sources */,
				D4ADDB7A2DE9B9E60097A010 /* MenuIzquierda.swift in Sources */,
				D45E70062DE7A7C4001F816A /* AndreaAppView.swift in Sources */,
				D4ADDB7C2DE9B9F10097A010 /* MenuCentro.swift in Sources */,
				D4B23FA02E45F4F200425DB8 /* ContenidoAjustesGloables.swift in Sources */,
				D45E6FF82DE7A772001F816A /* AndreaApp.swift in Sources */,
				D4ADDB822DE9C0530097A010 /* MenuEstado.swift in Sources */,
				D4B0CCEA2E577AA9000C69CF /* EstadisticaProgresoLectura.swift in Sources */,
				D48C58802E3BA855006D9C07 /* CabeceraMasInformacion.swift in Sources */,
				D4BA32F12E0BDD1300CF3219 /* InformacionCuadricula.swift in Sources */,
				D4BF0B262DEF4B4F00152333 /* EnumTipoArchivos.swift in Sources */,
				D48589742DEBA1A80074DB8E /* Archivo.swift in Sources */,
				D48589762DEBA1C50074DB8E /* Coleccion.swift in Sources */,
				D4ADDB772DE9B9990097A010 /* Constantes.swift in Sources */,
				D4A0FF3D2DEB3FD300195018 /* LineaSeparadora.swift in Sources */,
				D4CF28E52E323D3D003B3ABC /* Desplazamiento.swift in Sources */,
				D4B159482E57DC1A00942B91 /* Tiempo.swift in Sources */,
				D42084322E58DCAF008525DB /* EstadisticasYProgresoLectura.swift in Sources */,
				D48589712DEB9EFA0074DB8E /* SistemaArchivosUtilidades.swift in Sources */,
				D47139C12E0AE44200B5FA35 /* ListaVista.swift in Sources */,
				D4DF317E2DEC77D1000D15CC /* PlaceholderCuadricula.swift in Sources */,
				D4DEBBF02DE9CD7F00F06C30 /* AjustesTema.swift in Sources */,
				D46BE97B2E54F72D0069BCC1 /* Animaciones.swift in Sources */,
				D4B0BBA12E4C6A150073380E /* LectorComic.swift in Sources */,
				D4BA32F32E0BDDC900CF3219 /* ProgresoCuadricula.swift in Sources */,
				D4CF28E32E323CF3003B3ABC /* ModificarTamano.swift in Sources */,
				D480E76E2E42236900C8BBCC /* TogglePersonalizado.swift in Sources */,
				D4A02A762E59CD86000C5F32 /* GraficoProgresoLectura.swift in Sources */,
				D440162E2DF1CB490025832B /* DocumentPicker.swift in Sources */,
				D4A12EF72E5A04B80022276D /* GraficoTiempoPorPagina.swift in Sources */,
				D4B741842E15CBBD009511F1 /* PersistenciaDatos.swift in Sources */,
				D480E76C2E42216300C8BBCC /* Rendimiento.swift in Sources */,
				D4DA1BD72E3BC9DE00529C47 /* Consejos.swift in Sources */,
				D49D7D012E26D77500E0A93B /* ListaArchivo.swift in Sources */,
				D4B0BBA62E4C6B5B0073380E /* ProtocoloComic.swift in Sources */,
				D4B0CCE52E574FB1000C69CF /* MasInformacionArchivo.swift in Sources */,
				D49D7D032E26D77D00E0A93B /* ListaColeccion.swift in Sources */,
				D4AECEBB2DEE33620032917F /* PilaColecciones.swift in Sources */,
				D4B23FA62E4606CA00425DB8 /* ayudaHistorial.swift in Sources */,
				D4D8CCF62E377CD600F7F18D /* ListaColeccionMenu.swift in Sources */,
				D4DEBBF22DE9D8ED00F06C30 /* AjustesColor.swift in Sources */,
				D4B3C3BB2E3A8E3B00CA6064 /* MenuSeleccionMultipleArriba.swift in Sources */,
				D4B0CCE82E5779FB000C69CF /* ProgresoCircular.swift in Sources */,
				D49E266A2E3A77BD009A0EDC /* MasInformacion.swift in Sources */,
				D4B0CCEC2E577BAF000C69CF /* EstadisticaProgresoTiempo.swift in Sources */,
				D4ADDB752DE9B6A50097A010 /* SideMenu.swift in Sources */,
				D4ACC9B22E1AB8C4006778AE /* ModeloMiniatura.swift in Sources */,
				D4CF28E72E323E29003B3ABC /* ModeloMiniaturaArchivo.swift in Sources */,
				D46E94322DEA27E800ABD9EE /* AjustesMenu.swift in Sources */,
				D424A40B2E4BEBC3003D8BD8 /* AnimatedScrollViewTest.swift in Sources */,
				D4A6C7252DEA1F9A00E7451F /* CirculoActivo.swift in Sources */,
				D402E7AE2DEF6EED00BAC95E /* HistorialColecciones.swift in Sources */,
				D49961972E4514C00089488D /* NotificacionesEstado.swift in Sources */,
				D4A6C7272DEA216400E7451F /* RectangleFormView.swift in Sources */,
				D4C4A2AE2E66075500B16EA9 /* ImagenInfo.swift in Sources */,
				D4B23FA22E45F54F00425DB8 /* IndicesAjustes.swift in Sources */,
				D4A12EF92E5A0F730022276D /* GraficoPaginasMasVisitadas.swift in Sources */,
				D47139C72E0AE76500B5FA35 /* CuadriculaArchivo.swift in Sources */,
				D4B921912E5871C500305A09 /* InformacionAvanzada.swift in Sources */,
				D4BF0B292DEF4F9100152333 /* TXTArchivo.swift in Sources */,
				D4BF0B212DEF494000152333 /* FabricaColeccion.swift in Sources */,
				D4A2704A2E4CA2B300ECEF2F /* VistaGeneral.swift in Sources */,
				D4A888432E26F9EC00C64974 /* PlaceholderLista.swift in Sources */,
				D485896C2DEB9DF10074DB8E /* Utilidades.swift in Sources */,
				D48589682DEB9D7E0074DB8E /* ElementSistemaArchivos.swift in Sources */,
				D4BF4B1C2E168D1400224C71 /* Algoritmos.swift in Sources */,
				D4B3C3BD2E3A8E4700CA6064 /* MenuSeleccionMultipleAbajo.swift in Sources */,
				D48B45A12DF24E9E0088F40E /* CBZArchivo.swift in Sources */,
				D4ADDB7E2DE9B9FA0097A010 /* MenuDerecha.swift in Sources */,
				D47139C52E0AE47C00B5FA35 /* ElementoVista.swift in Sources */,
				D4B159462E57D5F100942B91 /* GraficoVelocidad.swift in Sources */,
				D40E28AE2E1C24050024DF2E /* AjustesSistemaColecciones.swift in Sources */,
				D4DF31792DEC7362000D15CC /* ElementoPlaceholder.swift in Sources */,
				D4B6DF262E54E35C00A46D0A /* General.swift in Sources */,
				D46E94352DEA287000ABD9EE /* Toggle.swift in Sources */,
				D4B0BBA82E4C6D880073380E /* ComicPaginado.swift in Sources */,
				D4B88CB02E5467A900E68D45 /* Colores.swift in Sources */,
				D45A82292E4D0E3700B92262 /* AjustesVisualizacion.swift in Sources */,
				D485896A2DEB9DC30074DB8E /* Extensiones.swift in Sources */,
				D4ACA26B2E48EB8D00A367D9 /* ManipulacionSizes.swift in Sources */,
				D4DA1BD92E3BE0B300529C47 /* CartaHolografica3D.swift in Sources */,
				D4BF0B232DEF4AA000152333 /* ProtocoloArchivo.swift in Sources */,
				D48589662DEB9CD50074DB8E /* ElementoSistemaArchivosProtocolo.swift in Sources */,
				D4A6C7292DEA21C200E7451F /* Enums.swift in Sources */,
				D49D7D072E26DB2800E0A93B /* InformacionLista.swift in Sources */,
				D47139C92E0AE77000B5FA35 /* CuadriculaColeccion.swift in Sources */,
				D49D7D052E26DAC100E0A93B /* ProgresoLista.swift in Sources */,
				D4A0FF3F2DEB6F1500195018 /* MasTemas.swift in Sources */,
				D4A02A7A2E59CE37000C5F32 /* VelocidadLectura.swift in Sources */,
				D49DE7502E0D348F002FDB7A /* ImagenArchivoModelo.swift in Sources */,
				D47035DB2E4288D0008906C9 /* AjustesHistorial.swift in Sources */,
				D4DEBBEC2DE9CCD500F06C30 /* AjustesGlobales.swift in Sources */,
			);
			runOnlyForDeploymentPostprocessing = 0;
		};
		D48CC04C2E53A55A00063AD9 /* Sources */ = {
			isa = PBXSourcesBuildPhase;
			buildActionMask = 2147483647;
			files = (
				D48CC0532E53A55A00063AD9 /* AndreaTests.swift in Sources */,
			);
			runOnlyForDeploymentPostprocessing = 0;
		};
/* End PBXSourcesBuildPhase section */

/* Begin PBXTargetDependency section */
		D48CC0552E53A55A00063AD9 /* PBXTargetDependency */ = {
			isa = PBXTargetDependency;
			target = D45E6FF32DE7A772001F816A /* Andrea */;
			targetProxy = D48CC0542E53A55A00063AD9 /* PBXContainerItemProxy */;
		};
/* End PBXTargetDependency section */

/* Begin XCBuildConfiguration section */
		D45E70002DE7A773001F816A /* Debug */ = {
			isa = XCBuildConfiguration;
			buildSettings = {
				ALWAYS_SEARCH_USER_PATHS = NO;
				ASSETCATALOG_COMPILER_GENERATE_SWIFT_ASSET_SYMBOL_EXTENSIONS = YES;
				CLANG_ANALYZER_NONNULL = YES;
				CLANG_ANALYZER_NUMBER_OBJECT_CONVERSION = YES_AGGRESSIVE;
				CLANG_CXX_LANGUAGE_STANDARD = "gnu++20";
				CLANG_ENABLE_MODULES = YES;
				CLANG_ENABLE_OBJC_ARC = YES;
				CLANG_ENABLE_OBJC_WEAK = YES;
				CLANG_WARN_BLOCK_CAPTURE_AUTORELEASING = YES;
				CLANG_WARN_BOOL_CONVERSION = YES;
				CLANG_WARN_COMMA = YES;
				CLANG_WARN_CONSTANT_CONVERSION = YES;
				CLANG_WARN_DEPRECATED_OBJC_IMPLEMENTATIONS = YES;
				CLANG_WARN_DIRECT_OBJC_ISA_USAGE = YES_ERROR;
				CLANG_WARN_DOCUMENTATION_COMMENTS = YES;
				CLANG_WARN_EMPTY_BODY = YES;
				CLANG_WARN_ENUM_CONVERSION = YES;
				CLANG_WARN_INFINITE_RECURSION = YES;
				CLANG_WARN_INT_CONVERSION = YES;
				CLANG_WARN_NON_LITERAL_NULL_CONVERSION = YES;
				CLANG_WARN_OBJC_IMPLICIT_RETAIN_SELF = YES;
				CLANG_WARN_OBJC_LITERAL_CONVERSION = YES;
				CLANG_WARN_OBJC_ROOT_CLASS = YES_ERROR;
				CLANG_WARN_QUOTED_INCLUDE_IN_FRAMEWORK_HEADER = YES;
				CLANG_WARN_RANGE_LOOP_ANALYSIS = YES;
				CLANG_WARN_STRICT_PROTOTYPES = YES;
				CLANG_WARN_SUSPICIOUS_MOVE = YES;
				CLANG_WARN_UNGUARDED_AVAILABILITY = YES_AGGRESSIVE;
				CLANG_WARN_UNREACHABLE_CODE = YES;
				CLANG_WARN__DUPLICATE_METHOD_MATCH = YES;
				COPY_PHASE_STRIP = NO;
				DEBUG_INFORMATION_FORMAT = dwarf;
				ENABLE_STRICT_OBJC_MSGSEND = YES;
				ENABLE_TESTABILITY = YES;
				ENABLE_USER_SCRIPT_SANDBOXING = YES;
				GCC_C_LANGUAGE_STANDARD = gnu17;
				GCC_DYNAMIC_NO_PIC = NO;
				GCC_NO_COMMON_BLOCKS = YES;
				GCC_OPTIMIZATION_LEVEL = 0;
				GCC_PREPROCESSOR_DEFINITIONS = (
					"DEBUG=1",
					"$(inherited)",
				);
				GCC_WARN_64_TO_32_BIT_CONVERSION = YES;
				GCC_WARN_ABOUT_RETURN_TYPE = YES_ERROR;
				GCC_WARN_UNDECLARED_SELECTOR = YES;
				GCC_WARN_UNINITIALIZED_AUTOS = YES_AGGRESSIVE;
				GCC_WARN_UNUSED_FUNCTION = YES;
				GCC_WARN_UNUSED_VARIABLE = YES;
				IPHONEOS_DEPLOYMENT_TARGET = 17.2;
				LOCALIZATION_PREFERS_STRING_CATALOGS = YES;
				MTL_ENABLE_DEBUG_INFO = INCLUDE_SOURCE;
				MTL_FAST_MATH = YES;
				ONLY_ACTIVE_ARCH = YES;
				SDKROOT = iphoneos;
				SWIFT_ACTIVE_COMPILATION_CONDITIONS = "DEBUG $(inherited)";
				SWIFT_OPTIMIZATION_LEVEL = "-Onone";
			};
			name = Debug;
		};
		D45E70012DE7A773001F816A /* Release */ = {
			isa = XCBuildConfiguration;
			buildSettings = {
				ALWAYS_SEARCH_USER_PATHS = NO;
				ASSETCATALOG_COMPILER_GENERATE_SWIFT_ASSET_SYMBOL_EXTENSIONS = YES;
				CLANG_ANALYZER_NONNULL = YES;
				CLANG_ANALYZER_NUMBER_OBJECT_CONVERSION = YES_AGGRESSIVE;
				CLANG_CXX_LANGUAGE_STANDARD = "gnu++20";
				CLANG_ENABLE_MODULES = YES;
				CLANG_ENABLE_OBJC_ARC = YES;
				CLANG_ENABLE_OBJC_WEAK = YES;
				CLANG_WARN_BLOCK_CAPTURE_AUTORELEASING = YES;
				CLANG_WARN_BOOL_CONVERSION = YES;
				CLANG_WARN_COMMA = YES;
				CLANG_WARN_CONSTANT_CONVERSION = YES;
				CLANG_WARN_DEPRECATED_OBJC_IMPLEMENTATIONS = YES;
				CLANG_WARN_DIRECT_OBJC_ISA_USAGE = YES_ERROR;
				CLANG_WARN_DOCUMENTATION_COMMENTS = YES;
				CLANG_WARN_EMPTY_BODY = YES;
				CLANG_WARN_ENUM_CONVERSION = YES;
				CLANG_WARN_INFINITE_RECURSION = YES;
				CLANG_WARN_INT_CONVERSION = YES;
				CLANG_WARN_NON_LITERAL_NULL_CONVERSION = YES;
				CLANG_WARN_OBJC_IMPLICIT_RETAIN_SELF = YES;
				CLANG_WARN_OBJC_LITERAL_CONVERSION = YES;
				CLANG_WARN_OBJC_ROOT_CLASS = YES_ERROR;
				CLANG_WARN_QUOTED_INCLUDE_IN_FRAMEWORK_HEADER = YES;
				CLANG_WARN_RANGE_LOOP_ANALYSIS = YES;
				CLANG_WARN_STRICT_PROTOTYPES = YES;
				CLANG_WARN_SUSPICIOUS_MOVE = YES;
				CLANG_WARN_UNGUARDED_AVAILABILITY = YES_AGGRESSIVE;
				CLANG_WARN_UNREACHABLE_CODE = YES;
				CLANG_WARN__DUPLICATE_METHOD_MATCH = YES;
				COPY_PHASE_STRIP = NO;
				DEBUG_INFORMATION_FORMAT = "dwarf-with-dsym";
				ENABLE_NS_ASSERTIONS = NO;
				ENABLE_STRICT_OBJC_MSGSEND = YES;
				ENABLE_USER_SCRIPT_SANDBOXING = YES;
				GCC_C_LANGUAGE_STANDARD = gnu17;
				GCC_NO_COMMON_BLOCKS = YES;
				GCC_WARN_64_TO_32_BIT_CONVERSION = YES;
				GCC_WARN_ABOUT_RETURN_TYPE = YES_ERROR;
				GCC_WARN_UNDECLARED_SELECTOR = YES;
				GCC_WARN_UNINITIALIZED_AUTOS = YES_AGGRESSIVE;
				GCC_WARN_UNUSED_FUNCTION = YES;
				GCC_WARN_UNUSED_VARIABLE = YES;
				IPHONEOS_DEPLOYMENT_TARGET = 17.2;
				LOCALIZATION_PREFERS_STRING_CATALOGS = YES;
				MTL_ENABLE_DEBUG_INFO = NO;
				MTL_FAST_MATH = YES;
				SDKROOT = iphoneos;
				SWIFT_COMPILATION_MODE = wholemodule;
				VALIDATE_PRODUCT = YES;
			};
			name = Release;
		};
		D45E70032DE7A773001F816A /* Debug */ = {
			isa = XCBuildConfiguration;
			buildSettings = {
				ASSETCATALOG_COMPILER_APPICON_NAME = AppIcon;
				ASSETCATALOG_COMPILER_GLOBAL_ACCENT_COLOR_NAME = AccentColor;
				CODE_SIGN_STYLE = Automatic;
				CURRENT_PROJECT_VERSION = 1;
				DEVELOPMENT_ASSET_PATHS = "\"Andrea/Preview Content\"";
				DEVELOPMENT_TEAM = 3L8AMU3NLW;
				ENABLE_PREVIEWS = YES;
				GENERATE_INFOPLIST_FILE = YES;
				INFOPLIST_FILE = Andrea/Info.plist;
				INFOPLIST_KEY_LSApplicationCategoryType = "";
				INFOPLIST_KEY_LSSupportsOpeningDocumentsInPlace = YES;
				INFOPLIST_KEY_UIApplicationSceneManifest_Generation = YES;
				INFOPLIST_KEY_UIApplicationSupportsIndirectInputEvents = YES;
				INFOPLIST_KEY_UILaunchScreen_Generation = YES;
				INFOPLIST_KEY_UIStatusBarStyle = "";
				INFOPLIST_KEY_UISupportedInterfaceOrientations_iPad = "UIInterfaceOrientationPortrait UIInterfaceOrientationPortraitUpsideDown UIInterfaceOrientationLandscapeLeft UIInterfaceOrientationLandscapeRight";
				INFOPLIST_KEY_UISupportedInterfaceOrientations_iPhone = "UIInterfaceOrientationPortrait UIInterfaceOrientationLandscapeLeft UIInterfaceOrientationLandscapeRight";
				IPHONEOS_DEPLOYMENT_TARGET = 17.2;
				LD_RUNPATH_SEARCH_PATHS = (
					"$(inherited)",
					"@executable_path/Frameworks",
				);
				MARKETING_VERSION = 1.0;
				PRODUCT_BUNDLE_IDENTIFIER = nothing.Andrea;
				PRODUCT_NAME = "$(TARGET_NAME)";
				SWIFT_EMIT_LOC_STRINGS = YES;
				SWIFT_VERSION = 5.0;
				TARGETED_DEVICE_FAMILY = "1,2";
			};
			name = Debug;
		};
		D45E70042DE7A773001F816A /* Release */ = {
			isa = XCBuildConfiguration;
			buildSettings = {
				ASSETCATALOG_COMPILER_APPICON_NAME = AppIcon;
				ASSETCATALOG_COMPILER_GLOBAL_ACCENT_COLOR_NAME = AccentColor;
				CODE_SIGN_STYLE = Automatic;
				CURRENT_PROJECT_VERSION = 1;
				DEVELOPMENT_ASSET_PATHS = "\"Andrea/Preview Content\"";
				DEVELOPMENT_TEAM = 3L8AMU3NLW;
				ENABLE_PREVIEWS = YES;
				GENERATE_INFOPLIST_FILE = YES;
				INFOPLIST_FILE = Andrea/Info.plist;
				INFOPLIST_KEY_LSApplicationCategoryType = "";
				INFOPLIST_KEY_LSSupportsOpeningDocumentsInPlace = YES;
				INFOPLIST_KEY_UIApplicationSceneManifest_Generation = YES;
				INFOPLIST_KEY_UIApplicationSupportsIndirectInputEvents = YES;
				INFOPLIST_KEY_UILaunchScreen_Generation = YES;
				INFOPLIST_KEY_UIStatusBarStyle = "";
				INFOPLIST_KEY_UISupportedInterfaceOrientations_iPad = "UIInterfaceOrientationPortrait UIInterfaceOrientationPortraitUpsideDown UIInterfaceOrientationLandscapeLeft UIInterfaceOrientationLandscapeRight";
				INFOPLIST_KEY_UISupportedInterfaceOrientations_iPhone = "UIInterfaceOrientationPortrait UIInterfaceOrientationLandscapeLeft UIInterfaceOrientationLandscapeRight";
				IPHONEOS_DEPLOYMENT_TARGET = 17.2;
				LD_RUNPATH_SEARCH_PATHS = (
					"$(inherited)",
					"@executable_path/Frameworks",
				);
				MARKETING_VERSION = 1.0;
				PRODUCT_BUNDLE_IDENTIFIER = nothing.Andrea;
				PRODUCT_NAME = "$(TARGET_NAME)";
				SWIFT_EMIT_LOC_STRINGS = YES;
				SWIFT_VERSION = 5.0;
				TARGETED_DEVICE_FAMILY = "1,2";
			};
			name = Release;
		};
		D48CC0572E53A55A00063AD9 /* Debug */ = {
			isa = XCBuildConfiguration;
			buildSettings = {
				BUNDLE_LOADER = "$(TEST_HOST)";
				"CODE_SIGN_IDENTITY[sdk=macosx*]" = "-";
				CODE_SIGN_STYLE = Automatic;
				CURRENT_PROJECT_VERSION = 1;
				DEVELOPMENT_TEAM = 3L8AMU3NLW;
				GENERATE_INFOPLIST_FILE = YES;
				MARKETING_VERSION = 1.0;
				PRODUCT_BUNDLE_IDENTIFIER = nothing.AndreaTests;
				PRODUCT_NAME = "$(TARGET_NAME)";
				SWIFT_EMIT_LOC_STRINGS = NO;
				SWIFT_VERSION = 5.0;
				TARGETED_DEVICE_FAMILY = "1,2";
				TEST_HOST = "$(BUILT_PRODUCTS_DIR)/Andrea.app/$(BUNDLE_EXECUTABLE_FOLDER_PATH)/Andrea";
			};
			name = Debug;
		};
		D48CC0582E53A55A00063AD9 /* Release */ = {
			isa = XCBuildConfiguration;
			buildSettings = {
				BUNDLE_LOADER = "$(TEST_HOST)";
				"CODE_SIGN_IDENTITY[sdk=macosx*]" = "-";
				CODE_SIGN_STYLE = Automatic;
				CURRENT_PROJECT_VERSION = 1;
				DEVELOPMENT_TEAM = 3L8AMU3NLW;
				GENERATE_INFOPLIST_FILE = YES;
				MARKETING_VERSION = 1.0;
				PRODUCT_BUNDLE_IDENTIFIER = nothing.AndreaTests;
				PRODUCT_NAME = "$(TARGET_NAME)";
				SWIFT_EMIT_LOC_STRINGS = NO;
				SWIFT_VERSION = 5.0;
				TARGETED_DEVICE_FAMILY = "1,2";
				TEST_HOST = "$(BUILT_PRODUCTS_DIR)/Andrea.app/$(BUNDLE_EXECUTABLE_FOLDER_PATH)/Andrea";
			};
			name = Release;
		};
/* End XCBuildConfiguration section */

/* Begin XCConfigurationList section */
		D45E6FEF2DE7A772001F816A /* Build configuration list for PBXProject "Andrea" */ = {
			isa = XCConfigurationList;
			buildConfigurations = (
				D45E70002DE7A773001F816A /* Debug */,
				D45E70012DE7A773001F816A /* Release */,
			);
			defaultConfigurationIsVisible = 0;
			defaultConfigurationName = Release;
		};
		D45E70022DE7A773001F816A /* Build configuration list for PBXNativeTarget "Andrea" */ = {
			isa = XCConfigurationList;
			buildConfigurations = (
				D45E70032DE7A773001F816A /* Debug */,
				D45E70042DE7A773001F816A /* Release */,
			);
			defaultConfigurationIsVisible = 0;
			defaultConfigurationName = Release;
		};
		D48CC0562E53A55A00063AD9 /* Build configuration list for PBXNativeTarget "AndreaTests" */ = {
			isa = XCConfigurationList;
			buildConfigurations = (
				D48CC0572E53A55A00063AD9 /* Debug */,
				D48CC0582E53A55A00063AD9 /* Release */,
			);
			defaultConfigurationIsVisible = 0;
			defaultConfigurationName = Release;
		};
/* End XCConfigurationList section */

/* Begin XCRemoteSwiftPackageReference section */
		D48B459D2DF248310088F40E /* XCRemoteSwiftPackageReference "Unrar" */ = {
			isa = XCRemoteSwiftPackageReference;
			repositoryURL = "https://github.com/mtgto/Unrar.swift";
			requirement = {
				kind = upToNextMajorVersion;
				minimumVersion = 0.4.2;
			};
		};
		D48B45A22DF250720088F40E /* XCRemoteSwiftPackageReference "ZIPFoundation" */ = {
			isa = XCRemoteSwiftPackageReference;
			repositoryURL = "https://github.com/weichsel/ZIPFoundation.git";
			requirement = {
				kind = upToNextMajorVersion;
				minimumVersion = 0.9.19;
			};
		};
/* End XCRemoteSwiftPackageReference section */

/* Begin XCSwiftPackageProductDependency section */
		D48B459E2DF248310088F40E /* Unrar */ = {
			isa = XCSwiftPackageProductDependency;
			package = D48B459D2DF248310088F40E /* XCRemoteSwiftPackageReference "Unrar" */;
			productName = Unrar;
		};
		D48B45A32DF250720088F40E /* ZIPFoundation */ = {
			isa = XCSwiftPackageProductDependency;
			package = D48B45A22DF250720088F40E /* XCRemoteSwiftPackageReference "ZIPFoundation" */;
			productName = ZIPFoundation;
		};
		D4E0B4BB2E1D9FA5008586D2 /* Unrar */ = {
			isa = XCSwiftPackageProductDependency;
			package = D48B459D2DF248310088F40E /* XCRemoteSwiftPackageReference "Unrar" */;
			productName = Unrar;
		};
/* End XCSwiftPackageProductDependency section */
	};
	rootObject = D45E6FEC2DE7A772001F816A /* Project object */;
}
